// !$*UTF8*$!
{
	archiveVersion = 1;
	classes = {
	};
	objectVersion = 45;
	objects = {

/* Begin PBXBuildFile section */
		1D3623260D0F684500981E51 /* GreenhouseAppDelegate.m in Sources */ = {isa = PBXBuildFile; fileRef = 1D3623250D0F684500981E51 /* GreenhouseAppDelegate.m */; };
		1D60589B0D05DD56006BFB54 /* main.m in Sources */ = {isa = PBXBuildFile; fileRef = 29B97316FDCFA39411CA2CEA /* main.m */; };
		1D60589F0D05DD5A006BFB54 /* Foundation.framework in Frameworks */ = {isa = PBXBuildFile; fileRef = 1D30AB110D05D00D00671497 /* Foundation.framework */; };
		1DF5F4E00D08C38300B7A737 /* UIKit.framework in Frameworks */ = {isa = PBXBuildFile; fileRef = 1DF5F4DF0D08C38300B7A737 /* UIKit.framework */; };
		28860BE50F44EE6400985440 /* CoreData.framework in Frameworks */ = {isa = PBXBuildFile; fileRef = 28860BE40F44EE6400985440 /* CoreData.framework */; };
		2892E4100DC94CBA00A64D0F /* CoreGraphics.framework in Frameworks */ = {isa = PBXBuildFile; fileRef = 2892E40F0DC94CBA00A64D0F /* CoreGraphics.framework */; };
		28AD73600D9D9599002E5188 /* MainWindow.xib in Resources */ = {isa = PBXBuildFile; fileRef = 28AD735F0D9D9599002E5188 /* MainWindow.xib */; };
		28D3F202112F7DC200FD0661 /* Greenhouse.xcdatamodeld in Sources */ = {isa = PBXBuildFile; fileRef = 28D3F201112F7DC200FD0661 /* Greenhouse.xcdatamodeld */; };
		8104E7A611D1646D00590E90 /* MainWindow.xib in Resources */ = {isa = PBXBuildFile; fileRef = 28AD735F0D9D9599002E5188 /* MainWindow.xib */; };
		8104E7A711D1646D00590E90 /* ProfileMainViewController.xib in Resources */ = {isa = PBXBuildFile; fileRef = 81A34A7F11BDF47500B12131 /* ProfileMainViewController.xib */; };
		8104E7A811D1646D00590E90 /* AuthorizeViewController.xib in Resources */ = {isa = PBXBuildFile; fileRef = 81E75EDE11BE04D200E6B283 /* AuthorizeViewController.xib */; };
		8104E7A911D1646D00590E90 /* spring09_logo.png in Resources */ = {isa = PBXBuildFile; fileRef = 81AF1C5C11C7FBF200960E9F /* spring09_logo.png */; };
		8104E7AA11D1646D00590E90 /* MainViewController.xib in Resources */ = {isa = PBXBuildFile; fileRef = 8122BCEC11D00CC300315B6F /* MainViewController.xib */; };
		8104E7AC11D1646D00590E90 /* main.m in Sources */ = {isa = PBXBuildFile; fileRef = 29B97316FDCFA39411CA2CEA /* main.m */; };
		8104E7AD11D1646D00590E90 /* GreenhouseAppDelegate.m in Sources */ = {isa = PBXBuildFile; fileRef = 1D3623250D0F684500981E51 /* GreenhouseAppDelegate.m */; };
		8104E7AE11D1646D00590E90 /* Greenhouse.xcdatamodeld in Sources */ = {isa = PBXBuildFile; fileRef = 28D3F201112F7DC200FD0661 /* Greenhouse.xcdatamodeld */; };
		8104E7AF11D1646D00590E90 /* ProfileMainViewController.m in Sources */ = {isa = PBXBuildFile; fileRef = 815F275011BDF5A300F83095 /* ProfileMainViewController.m */; };
		8104E7B011D1646D00590E90 /* AuthorizeViewController.m in Sources */ = {isa = PBXBuildFile; fileRef = 81E75EDC11BE048700E6B283 /* AuthorizeViewController.m */; };
		8104E7B111D1646D00590E90 /* OAuthManager.m in Sources */ = {isa = PBXBuildFile; fileRef = 81E75EF811BE0A2200E6B283 /* OAuthManager.m */; };
		8104E7B211D1646D00590E90 /* Base64Transcoder.c in Sources */ = {isa = PBXBuildFile; fileRef = 81E75F0311BE0C5800E6B283 /* Base64Transcoder.c */; };
		8104E7B311D1646D00590E90 /* NSMutableURLRequest+Parameters.m in Sources */ = {isa = PBXBuildFile; fileRef = 81E75F0611BE0C5800E6B283 /* NSMutableURLRequest+Parameters.m */; };
		8104E7B411D1646D00590E90 /* NSString+URLEncoding.m in Sources */ = {isa = PBXBuildFile; fileRef = 81E75F0811BE0C5800E6B283 /* NSString+URLEncoding.m */; };
		8104E7B511D1646D00590E90 /* NSURL+Base.m in Sources */ = {isa = PBXBuildFile; fileRef = 81E75F0A11BE0C5800E6B283 /* NSURL+Base.m */; };
		8104E7B611D1646D00590E90 /* OAAsynchronousDataFetcher.m in Sources */ = {isa = PBXBuildFile; fileRef = 81E75F0C11BE0C5800E6B283 /* OAAsynchronousDataFetcher.m */; };
		8104E7B711D1646D00590E90 /* OAConsumer.m in Sources */ = {isa = PBXBuildFile; fileRef = 81E75F0E11BE0C5800E6B283 /* OAConsumer.m */; };
		8104E7B811D1646D00590E90 /* OADataFetcher.m in Sources */ = {isa = PBXBuildFile; fileRef = 81E75F1011BE0C5800E6B283 /* OADataFetcher.m */; };
		8104E7B911D1646D00590E90 /* OAHMAC_SHA1SignatureProvider.m in Sources */ = {isa = PBXBuildFile; fileRef = 81E75F1211BE0C5800E6B283 /* OAHMAC_SHA1SignatureProvider.m */; };
		8104E7BA11D1646D00590E90 /* OAMutableURLRequest.m in Sources */ = {isa = PBXBuildFile; fileRef = 81E75F1411BE0C5800E6B283 /* OAMutableURLRequest.m */; };
		8104E7BB11D1646D00590E90 /* OAPlaintextSignatureProvider.m in Sources */ = {isa = PBXBuildFile; fileRef = 81E75F1611BE0C5800E6B283 /* OAPlaintextSignatureProvider.m */; };
		8104E7BC11D1646D00590E90 /* OARequestParameter.m in Sources */ = {isa = PBXBuildFile; fileRef = 81E75F1811BE0C5800E6B283 /* OARequestParameter.m */; };
		8104E7BD11D1646D00590E90 /* OAServiceTicket.m in Sources */ = {isa = PBXBuildFile; fileRef = 81E75F1A11BE0C5800E6B283 /* OAServiceTicket.m */; };
		8104E7BE11D1646D00590E90 /* OAToken.m in Sources */ = {isa = PBXBuildFile; fileRef = 81E75F1D11BE0C5800E6B283 /* OAToken.m */; };
		8104E7BF11D1646D00590E90 /* Profile.m in Sources */ = {isa = PBXBuildFile; fileRef = 81D4A45011C30692000A71C3 /* Profile.m */; };
		8104E7C011D1646D00590E90 /* AppSettings.m in Sources */ = {isa = PBXBuildFile; fileRef = 81D4A45D11C30945000A71C3 /* AppSettings.m */; };
		8104E7C111D1646D00590E90 /* NSObject+SBJSON.m in Sources */ = {isa = PBXBuildFile; fileRef = 81C38A6311C679CE00E1659E /* NSObject+SBJSON.m */; };
		8104E7C211D1646D00590E90 /* NSString+SBJSON.m in Sources */ = {isa = PBXBuildFile; fileRef = 81C38A6511C679CE00E1659E /* NSString+SBJSON.m */; };
		8104E7C311D1646D00590E90 /* SBJSON.m in Sources */ = {isa = PBXBuildFile; fileRef = 81C38A6711C679CE00E1659E /* SBJSON.m */; };
		8104E7C411D1646D00590E90 /* SBJsonBase.m in Sources */ = {isa = PBXBuildFile; fileRef = 81C38A6911C679CE00E1659E /* SBJsonBase.m */; };
		8104E7C511D1646D00590E90 /* SBJsonParser.m in Sources */ = {isa = PBXBuildFile; fileRef = 81C38A6B11C679CE00E1659E /* SBJsonParser.m */; };
		8104E7C611D1646D00590E90 /* SBJsonWriter.m in Sources */ = {isa = PBXBuildFile; fileRef = 81C38A6D11C679CE00E1659E /* SBJsonWriter.m */; };
		8104E7C711D1646D00590E90 /* OAToken_KeychainExtensions.m in Sources */ = {isa = PBXBuildFile; fileRef = 8170E46011C82A7600F4FB15 /* OAToken_KeychainExtensions.m */; };
		8104E7C811D1646D00590E90 /* MainViewController.m in Sources */ = {isa = PBXBuildFile; fileRef = 8122BCEA11D00A9D00315B6F /* MainViewController.m */; };
		8104E7CA11D1646D00590E90 /* Foundation.framework in Frameworks */ = {isa = PBXBuildFile; fileRef = 1D30AB110D05D00D00671497 /* Foundation.framework */; };
		8104E7CB11D1646D00590E90 /* UIKit.framework in Frameworks */ = {isa = PBXBuildFile; fileRef = 1DF5F4DF0D08C38300B7A737 /* UIKit.framework */; };
		8104E7CC11D1646D00590E90 /* CoreGraphics.framework in Frameworks */ = {isa = PBXBuildFile; fileRef = 2892E40F0DC94CBA00A64D0F /* CoreGraphics.framework */; };
		8104E7CD11D1646D00590E90 /* CoreData.framework in Frameworks */ = {isa = PBXBuildFile; fileRef = 28860BE40F44EE6400985440 /* CoreData.framework */; };
		8104E7CE11D1646D00590E90 /* Security.framework in Frameworks */ = {isa = PBXBuildFile; fileRef = 81E75F3911BE0D5800E6B283 /* Security.framework */; };
		8104E7EC11D1668800590E90 /* GreenhouseTests.octest in Resources */ = {isa = PBXBuildFile; fileRef = 8104E7DD11D164AF00590E90 /* GreenhouseTests.octest */; };
		8104E7F611D167AA00590E90 /* ApplicationTestSuite1.m in Sources */ = {isa = PBXBuildFile; fileRef = 8104E7F511D167AA00590E90 /* ApplicationTestSuite1.m */; };
		8107AA6211FA032300A59078 /* TweetTableViewCell.m in Sources */ = {isa = PBXBuildFile; fileRef = 8107AA6111FA032300A59078 /* TweetTableViewCell.m */; };
		8107AA8411FA28E100A59078 /* NewTweetViewController.xib in Resources */ = {isa = PBXBuildFile; fileRef = 8107AA8311FA28E100A59078 /* NewTweetViewController.xib */; };
		8107AA9811FA2BB000A59078 /* NewTweetViewController.m in Sources */ = {isa = PBXBuildFile; fileRef = 8107AA9711FA2BB000A59078 /* NewTweetViewController.m */; };
		811BA5D0120C58E40045BB34 /* CoreLocation.framework in Frameworks */ = {isa = PBXBuildFile; fileRef = 811BA5CF120C58E40045BB34 /* CoreLocation.framework */; };
		8122BCEB11D00A9D00315B6F /* MainViewController.m in Sources */ = {isa = PBXBuildFile; fileRef = 8122BCEA11D00A9D00315B6F /* MainViewController.m */; };
		8122BCED11D00CC300315B6F /* MainViewController.xib in Resources */ = {isa = PBXBuildFile; fileRef = 8122BCEC11D00CC300315B6F /* MainViewController.xib */; };
		81275BE011FE2F1600FF9A80 /* TweetsViewController.m in Sources */ = {isa = PBXBuildFile; fileRef = 81275BDF11FE2F1600FF9A80 /* TweetsViewController.m */; };
		81275BEC11FE319600FF9A80 /* EventSessionTweetsViewController.m in Sources */ = {isa = PBXBuildFile; fileRef = 81275BEB11FE319600FF9A80 /* EventSessionTweetsViewController.m */; };
		81275C2111FE889500FF9A80 /* EventSessionDescriptionViewController.m in Sources */ = {isa = PBXBuildFile; fileRef = 81275C2011FE889500FF9A80 /* EventSessionDescriptionViewController.m */; };
		81275C2311FE88BC00FF9A80 /* EventSessionDescriptionViewController.xib in Resources */ = {isa = PBXBuildFile; fileRef = 81275C2211FE88BC00FF9A80 /* EventSessionDescriptionViewController.xib */; };
		81275C8811FE996600FF9A80 /* spring.png in Resources */ = {isa = PBXBuildFile; fileRef = 81275C8711FE996600FF9A80 /* spring.png */; };
		81275CA911FE9E6B00FF9A80 /* NavigationViewController.m in Sources */ = {isa = PBXBuildFile; fileRef = 81275CA811FE9E6B00FF9A80 /* NavigationViewController.m */; };
		81275CB811FE9FD600FF9A80 /* UpdatesNavigationViewController.xib in Resources */ = {isa = PBXBuildFile; fileRef = 81275CB711FE9FD600FF9A80 /* UpdatesNavigationViewController.xib */; };
		8135A07F11ECA41200F0F2F8 /* EventDetailsViewController.m in Sources */ = {isa = PBXBuildFile; fileRef = 8135A07E11ECA41200F0F2F8 /* EventDetailsViewController.m */; };
		8135A08511ECA56C00F0F2F8 /* EventsNavigationViewController.xib in Resources */ = {isa = PBXBuildFile; fileRef = 8135A08411ECA56C00F0F2F8 /* EventsNavigationViewController.xib */; };
		8135A0C011ECB40400F0F2F8 /* EventDetailsViewController.xib in Resources */ = {isa = PBXBuildFile; fileRef = 8135A0BF11ECB40400F0F2F8 /* EventDetailsViewController.xib */; };
		8135A0FA11ED236900F0F2F8 /* TweetsViewController.xib in Resources */ = {isa = PBXBuildFile; fileRef = 8135A0F911ED236900F0F2F8 /* TweetsViewController.xib */; };
		8135A0FD11ED242B00F0F2F8 /* EventTweetsViewController.m in Sources */ = {isa = PBXBuildFile; fileRef = 8135A0FC11ED242B00F0F2F8 /* EventTweetsViewController.m */; };
		8135A10611ED5E5300F0F2F8 /* EventSessionsCurrentViewController.m in Sources */ = {isa = PBXBuildFile; fileRef = 8135A10511ED5E5300F0F2F8 /* EventSessionsCurrentViewController.m */; };
		8138DC2C11F73EF700D7A47F /* EventSession.m in Sources */ = {isa = PBXBuildFile; fileRef = 8138DC2B11F73EF700D7A47F /* EventSession.m */; };
		8138DC2F11F73FED00D7A47F /* WebDataModelObject.m in Sources */ = {isa = PBXBuildFile; fileRef = 8138DC2E11F73FED00D7A47F /* WebDataModelObject.m */; };
		8138DD2911F7A2CA00D7A47F /* EventSessionDetailsViewController.m in Sources */ = {isa = PBXBuildFile; fileRef = 8138DD2811F7A2CA00D7A47F /* EventSessionDetailsViewController.m */; };
		8138DD2B11F7A30E00D7A47F /* EventSessionDetailsViewController.xib in Resources */ = {isa = PBXBuildFile; fileRef = 8138DD2A11F7A30E00D7A47F /* EventSessionDetailsViewController.xib */; };
		8138DD8F11F8836600D7A47F /* EventDescriptionViewController.xib in Resources */ = {isa = PBXBuildFile; fileRef = 8138DD8E11F8836600D7A47F /* EventDescriptionViewController.xib */; };
		8138DD9411F884D700D7A47F /* EventDescriptionViewController.m in Sources */ = {isa = PBXBuildFile; fileRef = 8138DD9311F884D700D7A47F /* EventDescriptionViewController.m */; };
		8138DE7211F8D79600D7A47F /* UIColor+CustomColors.m in Sources */ = {isa = PBXBuildFile; fileRef = 8138DE7111F8D79600D7A47F /* UIColor+CustomColors.m */; };
		8153C79311DD04C500F7BDE1 /* UpdatesMainViewController.xib in Resources */ = {isa = PBXBuildFile; fileRef = 8153C79211DD04C500F7BDE1 /* UpdatesMainViewController.xib */; };
		8153C79611DD052E00F7BDE1 /* UpdatesMainViewController.m in Sources */ = {isa = PBXBuildFile; fileRef = 8153C79511DD052E00F7BDE1 /* UpdatesMainViewController.m */; };
		8153C7BE11DD353700F7BDE1 /* Update.m in Sources */ = {isa = PBXBuildFile; fileRef = 8153C7BD11DD353700F7BDE1 /* Update.m */; };
		815F275111BDF5A300F83095 /* ProfileMainViewController.m in Sources */ = {isa = PBXBuildFile; fileRef = 815F275011BDF5A300F83095 /* ProfileMainViewController.m */; };
		8170E46111C82A7600F4FB15 /* OAToken_KeychainExtensions.m in Sources */ = {isa = PBXBuildFile; fileRef = 8170E46011C82A7600F4FB15 /* OAToken_KeychainExtensions.m */; };
		8171938F11E668ED007C82B2 /* EventsMainViewController.m in Sources */ = {isa = PBXBuildFile; fileRef = 8171938D11E668DE007C82B2 /* EventsMainViewController.m */; };
		8171939011E66910007C82B2 /* UpdatesMainViewController.m in Sources */ = {isa = PBXBuildFile; fileRef = 8153C79511DD052E00F7BDE1 /* UpdatesMainViewController.m */; };
		8171949311E66AD7007C82B2 /* Event.m in Sources */ = {isa = PBXBuildFile; fileRef = 8171949211E66AD7007C82B2 /* Event.m */; };
		817194A111E66F6D007C82B2 /* EventsMainViewController.xib in Resources */ = {isa = PBXBuildFile; fileRef = 817194A011E66F6D007C82B2 /* EventsMainViewController.xib */; };
		8174930C12070884008A9E61 /* EventSessionsFavoritesViewController.m in Sources */ = {isa = PBXBuildFile; fileRef = 8174930B12070884008A9E61 /* EventSessionsFavoritesViewController.m */; };
		817493791207162B008A9E61 /* EventSessionsViewController.m in Sources */ = {isa = PBXBuildFile; fileRef = 817493781207162B008A9E61 /* EventSessionsViewController.m */; };
		8174941A12074F51008A9E61 /* EventSessionsConferenceFavoritesViewController.m in Sources */ = {isa = PBXBuildFile; fileRef = 8174941912074F51008A9E61 /* EventSessionsConferenceFavoritesViewController.m */; };
		8174943B120758CB008A9E61 /* EventSessionRateViewController.m in Sources */ = {isa = PBXBuildFile; fileRef = 8174943A120758CB008A9E61 /* EventSessionRateViewController.m */; };
		8174945012075D69008A9E61 /* EventSessionRateViewController.xib in Resources */ = {isa = PBXBuildFile; fileRef = 8174944F12075D69008A9E61 /* EventSessionRateViewController.xib */; };
		817494C61207CE3E008A9E61 /* UIToolbar+CustomStyle.m in Sources */ = {isa = PBXBuildFile; fileRef = 817494C51207CE3E008A9E61 /* UIToolbar+CustomStyle.m */; };
		817496741209FE04008A9E61 /* TweetProfileImageDownloader.m in Sources */ = {isa = PBXBuildFile; fileRef = 817496731209FE04008A9E61 /* TweetProfileImageDownloader.m */; };
		81749882120B8617008A9E61 /* t_logo-b.png in Resources */ = {isa = PBXBuildFile; fileRef = 81749881120B8617008A9E61 /* t_logo-b.png */; };
		817498AA120BCDB5008A9E61 /* star-empty.png in Resources */ = {isa = PBXBuildFile; fileRef = 817498A7120BCDB5008A9E61 /* star-empty.png */; };
		817498AB120BCDB5008A9E61 /* star-half.png in Resources */ = {isa = PBXBuildFile; fileRef = 817498A8120BCDB5008A9E61 /* star-half.png */; };
		817498AC120BCDB5008A9E61 /* star.png in Resources */ = {isa = PBXBuildFile; fileRef = 817498A9120BCDB5008A9E61 /* star.png */; };
		8178A8AD11D9113F0084FA66 /* NSDictionary+Helpers.m in Sources */ = {isa = PBXBuildFile; fileRef = 8178A8AC11D9113F0084FA66 /* NSDictionary+Helpers.m */; };
		819E442011FF1EE300DBC0BB /* EventMapViewController.m in Sources */ = {isa = PBXBuildFile; fileRef = 819E441F11FF1EE300DBC0BB /* EventMapViewController.m */; };
		819E442211FF1EF400DBC0BB /* EventMapViewController.xib in Resources */ = {isa = PBXBuildFile; fileRef = 819E442111FF1EF400DBC0BB /* EventMapViewController.xib */; };
		819E443C11FF1FA600DBC0BB /* MapKit.framework in Frameworks */ = {isa = PBXBuildFile; fileRef = 819E443B11FF1FA600DBC0BB /* MapKit.framework */; };
		819E448E11FF2D1000DBC0BB /* EventAnnotation.m in Sources */ = {isa = PBXBuildFile; fileRef = 819E448D11FF2D1000DBC0BB /* EventAnnotation.m */; };
		81A34A8011BDF47500B12131 /* ProfileMainViewController.xib in Resources */ = {isa = PBXBuildFile; fileRef = 81A34A7F11BDF47500B12131 /* ProfileMainViewController.xib */; };
		81AF1C5D11C7FBF200960E9F /* spring09_logo.png in Resources */ = {isa = PBXBuildFile; fileRef = 81AF1C5C11C7FBF200960E9F /* spring09_logo.png */; };
		81B94E4F11F0AD2E003B2117 /* OAuthViewController.m in Sources */ = {isa = PBXBuildFile; fileRef = 81B94E4E11F0AD2E003B2117 /* OAuthViewController.m */; };
		81C38A6E11C679CE00E1659E /* NSObject+SBJSON.m in Sources */ = {isa = PBXBuildFile; fileRef = 81C38A6311C679CE00E1659E /* NSObject+SBJSON.m */; };
		81C38A6F11C679CE00E1659E /* NSString+SBJSON.m in Sources */ = {isa = PBXBuildFile; fileRef = 81C38A6511C679CE00E1659E /* NSString+SBJSON.m */; };
		81C38A7011C679CE00E1659E /* SBJSON.m in Sources */ = {isa = PBXBuildFile; fileRef = 81C38A6711C679CE00E1659E /* SBJSON.m */; };
		81C38A7111C679CE00E1659E /* SBJsonBase.m in Sources */ = {isa = PBXBuildFile; fileRef = 81C38A6911C679CE00E1659E /* SBJsonBase.m */; };
		81C38A7211C679CE00E1659E /* SBJsonParser.m in Sources */ = {isa = PBXBuildFile; fileRef = 81C38A6B11C679CE00E1659E /* SBJsonParser.m */; };
		81C38A7311C679CE00E1659E /* SBJsonWriter.m in Sources */ = {isa = PBXBuildFile; fileRef = 81C38A6D11C679CE00E1659E /* SBJsonWriter.m */; };
		81CC5FB111EE6BD1002BB755 /* NSDictionary_HelpersTest.m in Sources */ = {isa = PBXBuildFile; fileRef = 81CC5FB011EE6BD1002BB755 /* NSDictionary_HelpersTest.m */; };
		81CC5FE811EE74BC002BB755 /* NSDictionary+Helpers.m in Sources */ = {isa = PBXBuildFile; fileRef = 8178A8AC11D9113F0084FA66 /* NSDictionary+Helpers.m */; };
		81CC605711EF41E5002BB755 /* Tweet.m in Sources */ = {isa = PBXBuildFile; fileRef = 81CC605611EF41E5002BB755 /* Tweet.m */; };
		81D4A45111C30692000A71C3 /* Profile.m in Sources */ = {isa = PBXBuildFile; fileRef = 81D4A45011C30692000A71C3 /* Profile.m */; };
		81D4A45E11C30945000A71C3 /* AppSettings.m in Sources */ = {isa = PBXBuildFile; fileRef = 81D4A45D11C30945000A71C3 /* AppSettings.m */; };
		81E61521121329D400451901 /* EventSessionLeader.m in Sources */ = {isa = PBXBuildFile; fileRef = 81E61520121329D400451901 /* EventSessionLeader.m */; };
		81E615D41213B7B400451901 /* UITabBar+CustomStyle.m in Sources */ = {isa = PBXBuildFile; fileRef = 81E615D31213B7B400451901 /* UITabBar+CustomStyle.m */; };
		81E616011214398700451901 /* WebImageView.m in Sources */ = {isa = PBXBuildFile; fileRef = 81E616001214398700451901 /* WebImageView.m */; };
		81E75EDD11BE048700E6B283 /* AuthorizeViewController.m in Sources */ = {isa = PBXBuildFile; fileRef = 81E75EDC11BE048700E6B283 /* AuthorizeViewController.m */; };
		81E75EDF11BE04D200E6B283 /* AuthorizeViewController.xib in Resources */ = {isa = PBXBuildFile; fileRef = 81E75EDE11BE04D200E6B283 /* AuthorizeViewController.xib */; };
		81E75EF911BE0A2200E6B283 /* OAuthManager.m in Sources */ = {isa = PBXBuildFile; fileRef = 81E75EF811BE0A2200E6B283 /* OAuthManager.m */; };
		81E75F2111BE0C5800E6B283 /* Base64Transcoder.c in Sources */ = {isa = PBXBuildFile; fileRef = 81E75F0311BE0C5800E6B283 /* Base64Transcoder.c */; };
		81E75F2211BE0C5800E6B283 /* NSMutableURLRequest+Parameters.m in Sources */ = {isa = PBXBuildFile; fileRef = 81E75F0611BE0C5800E6B283 /* NSMutableURLRequest+Parameters.m */; };
		81E75F2311BE0C5800E6B283 /* NSString+URLEncoding.m in Sources */ = {isa = PBXBuildFile; fileRef = 81E75F0811BE0C5800E6B283 /* NSString+URLEncoding.m */; };
		81E75F2411BE0C5800E6B283 /* NSURL+Base.m in Sources */ = {isa = PBXBuildFile; fileRef = 81E75F0A11BE0C5800E6B283 /* NSURL+Base.m */; };
		81E75F2511BE0C5800E6B283 /* OAAsynchronousDataFetcher.m in Sources */ = {isa = PBXBuildFile; fileRef = 81E75F0C11BE0C5800E6B283 /* OAAsynchronousDataFetcher.m */; };
		81E75F2611BE0C5800E6B283 /* OAConsumer.m in Sources */ = {isa = PBXBuildFile; fileRef = 81E75F0E11BE0C5800E6B283 /* OAConsumer.m */; };
		81E75F2711BE0C5800E6B283 /* OADataFetcher.m in Sources */ = {isa = PBXBuildFile; fileRef = 81E75F1011BE0C5800E6B283 /* OADataFetcher.m */; };
		81E75F2811BE0C5800E6B283 /* OAHMAC_SHA1SignatureProvider.m in Sources */ = {isa = PBXBuildFile; fileRef = 81E75F1211BE0C5800E6B283 /* OAHMAC_SHA1SignatureProvider.m */; };
		81E75F2911BE0C5800E6B283 /* OAMutableURLRequest.m in Sources */ = {isa = PBXBuildFile; fileRef = 81E75F1411BE0C5800E6B283 /* OAMutableURLRequest.m */; };
		81E75F2A11BE0C5800E6B283 /* OAPlaintextSignatureProvider.m in Sources */ = {isa = PBXBuildFile; fileRef = 81E75F1611BE0C5800E6B283 /* OAPlaintextSignatureProvider.m */; };
		81E75F2B11BE0C5800E6B283 /* OARequestParameter.m in Sources */ = {isa = PBXBuildFile; fileRef = 81E75F1811BE0C5800E6B283 /* OARequestParameter.m */; };
		81E75F2C11BE0C5800E6B283 /* OAServiceTicket.m in Sources */ = {isa = PBXBuildFile; fileRef = 81E75F1A11BE0C5800E6B283 /* OAServiceTicket.m */; };
		81E75F2D11BE0C5800E6B283 /* OAToken.m in Sources */ = {isa = PBXBuildFile; fileRef = 81E75F1D11BE0C5800E6B283 /* OAToken.m */; };
		81E75F3A11BE0D5800E6B283 /* Security.framework in Frameworks */ = {isa = PBXBuildFile; fileRef = 81E75F3911BE0D5800E6B283 /* Security.framework */; };
		81F79F461201E47800743FFF /* UINavigationBar+CustomStyle.m in Sources */ = {isa = PBXBuildFile; fileRef = 81F79F451201E47800743FFF /* UINavigationBar+CustomStyle.m */; };
		81F79FD91201FB2600743FFF /* EventSessionsMenuViewController.m in Sources */ = {isa = PBXBuildFile; fileRef = 81F79FD81201FB2600743FFF /* EventSessionsMenuViewController.m */; };
		81F79FDB1202097300743FFF /* EventSessionsMenuViewController.xib in Resources */ = {isa = PBXBuildFile; fileRef = 81F79FDA1202097300743FFF /* EventSessionsMenuViewController.xib */; };
		81F7A11E12030D2D00743FFF /* EventSessionsByDayViewController.m in Sources */ = {isa = PBXBuildFile; fileRef = 81F7A11D12030D2D00743FFF /* EventSessionsByDayViewController.m */; };
		81F7A1A41203541100743FFF /* EventSessionsViewController.xib in Resources */ = {isa = PBXBuildFile; fileRef = 81F7A1A31203541100743FFF /* EventSessionsViewController.xib */; };
/* End PBXBuildFile section */

/* Begin PBXContainerItemProxy section */
		8104E7E811D1655700590E90 /* PBXContainerItemProxy */ = {
			isa = PBXContainerItemProxy;
			containerPortal = 29B97313FDCFA39411CA2CEA /* Project object */;
			proxyType = 1;
			remoteGlobalIDString = 8104E7DC11D164AF00590E90;
			remoteInfo = GreenhouseTests;
		};
/* End PBXContainerItemProxy section */

/* Begin PBXFileReference section */
		1D30AB110D05D00D00671497 /* Foundation.framework */ = {isa = PBXFileReference; lastKnownFileType = wrapper.framework; name = Foundation.framework; path = System/Library/Frameworks/Foundation.framework; sourceTree = SDKROOT; };
		1D3623240D0F684500981E51 /* GreenhouseAppDelegate.h */ = {isa = PBXFileReference; fileEncoding = 4; lastKnownFileType = sourcecode.c.h; path = GreenhouseAppDelegate.h; sourceTree = "<group>"; };
		1D3623250D0F684500981E51 /* GreenhouseAppDelegate.m */ = {isa = PBXFileReference; fileEncoding = 4; lastKnownFileType = sourcecode.c.objc; path = GreenhouseAppDelegate.m; sourceTree = "<group>"; };
		1D6058910D05DD3D006BFB54 /* Greenhouse.app */ = {isa = PBXFileReference; explicitFileType = wrapper.application; includeInIndex = 0; path = Greenhouse.app; sourceTree = BUILT_PRODUCTS_DIR; };
		1DF5F4DF0D08C38300B7A737 /* UIKit.framework */ = {isa = PBXFileReference; lastKnownFileType = wrapper.framework; name = UIKit.framework; path = System/Library/Frameworks/UIKit.framework; sourceTree = SDKROOT; };
		28860B760F44E54D00985440 /* Greenhouse.xcdatamodel */ = {isa = PBXFileReference; fileEncoding = 4; lastKnownFileType = wrapper.xcdatamodel; path = Greenhouse.xcdatamodel; sourceTree = "<group>"; };
		28860BE40F44EE6400985440 /* CoreData.framework */ = {isa = PBXFileReference; lastKnownFileType = wrapper.framework; name = CoreData.framework; path = System/Library/Frameworks/CoreData.framework; sourceTree = SDKROOT; };
		2892E40F0DC94CBA00A64D0F /* CoreGraphics.framework */ = {isa = PBXFileReference; lastKnownFileType = wrapper.framework; name = CoreGraphics.framework; path = System/Library/Frameworks/CoreGraphics.framework; sourceTree = SDKROOT; };
		28A0AAE50D9B0CCF005BE974 /* Greenhouse_Prefix.pch */ = {isa = PBXFileReference; fileEncoding = 4; lastKnownFileType = sourcecode.c.h; path = Greenhouse_Prefix.pch; sourceTree = "<group>"; };
		28AD735F0D9D9599002E5188 /* MainWindow.xib */ = {isa = PBXFileReference; lastKnownFileType = file.xib; path = MainWindow.xib; sourceTree = "<group>"; };
		29B97316FDCFA39411CA2CEA /* main.m */ = {isa = PBXFileReference; fileEncoding = 4; lastKnownFileType = sourcecode.c.objc; path = main.m; sourceTree = "<group>"; };
		8104E76311D1606400590E90 /* LogicTests.octest */ = {isa = PBXFileReference; explicitFileType = wrapper.cfbundle; includeInIndex = 0; path = LogicTests.octest; sourceTree = BUILT_PRODUCTS_DIR; };
		8104E76411D1606400590E90 /* LogicTests-Info.plist */ = {isa = PBXFileReference; lastKnownFileType = text.plist.xml; path = "LogicTests-Info.plist"; sourceTree = "<group>"; };
		8104E7D211D1646D00590E90 /* Greenhouse.app */ = {isa = PBXFileReference; explicitFileType = wrapper.application; includeInIndex = 0; path = Greenhouse.app; sourceTree = BUILT_PRODUCTS_DIR; };
		8104E7D411D1646D00590E90 /* GreenhouseTesting-Info.plist */ = {isa = PBXFileReference; lastKnownFileType = text.plist.xml; path = "GreenhouseTesting-Info.plist"; sourceTree = "<group>"; };
		8104E7DD11D164AF00590E90 /* GreenhouseTests.octest */ = {isa = PBXFileReference; explicitFileType = wrapper.cfbundle; includeInIndex = 0; path = GreenhouseTests.octest; sourceTree = BUILT_PRODUCTS_DIR; };
		8104E7DE11D164AF00590E90 /* GreenhouseTests-Info.plist */ = {isa = PBXFileReference; lastKnownFileType = text.plist.xml; path = "GreenhouseTests-Info.plist"; sourceTree = "<group>"; };
		8104E7F411D167AA00590E90 /* ApplicationTestSuite1.h */ = {isa = PBXFileReference; fileEncoding = 4; lastKnownFileType = sourcecode.c.h; path = ApplicationTestSuite1.h; sourceTree = "<group>"; };
		8104E7F511D167AA00590E90 /* ApplicationTestSuite1.m */ = {isa = PBXFileReference; fileEncoding = 4; lastKnownFileType = sourcecode.c.objc; path = ApplicationTestSuite1.m; sourceTree = "<group>"; };
		8107AA6011FA032300A59078 /* TweetTableViewCell.h */ = {isa = PBXFileReference; fileEncoding = 4; lastKnownFileType = sourcecode.c.h; path = TweetTableViewCell.h; sourceTree = "<group>"; };
		8107AA6111FA032300A59078 /* TweetTableViewCell.m */ = {isa = PBXFileReference; fileEncoding = 4; lastKnownFileType = sourcecode.c.objc; path = TweetTableViewCell.m; sourceTree = "<group>"; };
		8107AA8311FA28E100A59078 /* NewTweetViewController.xib */ = {isa = PBXFileReference; lastKnownFileType = file.xib; path = NewTweetViewController.xib; sourceTree = "<group>"; };
		8107AA9611FA2BB000A59078 /* NewTweetViewController.h */ = {isa = PBXFileReference; fileEncoding = 4; lastKnownFileType = sourcecode.c.h; path = NewTweetViewController.h; sourceTree = "<group>"; };
		8107AA9711FA2BB000A59078 /* NewTweetViewController.m */ = {isa = PBXFileReference; fileEncoding = 4; lastKnownFileType = sourcecode.c.objc; path = NewTweetViewController.m; sourceTree = "<group>"; };
		811BA5CF120C58E40045BB34 /* CoreLocation.framework */ = {isa = PBXFileReference; lastKnownFileType = wrapper.framework; name = CoreLocation.framework; path = System/Library/Frameworks/CoreLocation.framework; sourceTree = SDKROOT; };
		811F5DEF11C6DEFF005BD43E /* Constants.h */ = {isa = PBXFileReference; fileEncoding = 4; lastKnownFileType = sourcecode.c.h; path = Constants.h; sourceTree = "<group>"; };
		8122BCE911D00A9D00315B6F /* MainViewController.h */ = {isa = PBXFileReference; fileEncoding = 4; lastKnownFileType = sourcecode.c.h; path = MainViewController.h; sourceTree = "<group>"; };
		8122BCEA11D00A9D00315B6F /* MainViewController.m */ = {isa = PBXFileReference; fileEncoding = 4; lastKnownFileType = sourcecode.c.objc; path = MainViewController.m; sourceTree = "<group>"; };
		8122BCEC11D00CC300315B6F /* MainViewController.xib */ = {isa = PBXFileReference; lastKnownFileType = file.xib; path = MainViewController.xib; sourceTree = "<group>"; };
		8122BEB311D102F300315B6F /* DLog.h */ = {isa = PBXFileReference; fileEncoding = 4; lastKnownFileType = sourcecode.c.h; path = DLog.h; sourceTree = "<group>"; };
		81275BDE11FE2F1600FF9A80 /* TweetsViewController.h */ = {isa = PBXFileReference; fileEncoding = 4; lastKnownFileType = sourcecode.c.h; path = TweetsViewController.h; sourceTree = "<group>"; };
		81275BDF11FE2F1600FF9A80 /* TweetsViewController.m */ = {isa = PBXFileReference; fileEncoding = 4; lastKnownFileType = sourcecode.c.objc; path = TweetsViewController.m; sourceTree = "<group>"; };
		81275BEA11FE319600FF9A80 /* EventSessionTweetsViewController.h */ = {isa = PBXFileReference; fileEncoding = 4; lastKnownFileType = sourcecode.c.h; path = EventSessionTweetsViewController.h; sourceTree = "<group>"; };
		81275BEB11FE319600FF9A80 /* EventSessionTweetsViewController.m */ = {isa = PBXFileReference; fileEncoding = 4; lastKnownFileType = sourcecode.c.objc; path = EventSessionTweetsViewController.m; sourceTree = "<group>"; };
		81275C1F11FE889500FF9A80 /* EventSessionDescriptionViewController.h */ = {isa = PBXFileReference; fileEncoding = 4; lastKnownFileType = sourcecode.c.h; path = EventSessionDescriptionViewController.h; sourceTree = "<group>"; };
		81275C2011FE889500FF9A80 /* EventSessionDescriptionViewController.m */ = {isa = PBXFileReference; fileEncoding = 4; lastKnownFileType = sourcecode.c.objc; path = EventSessionDescriptionViewController.m; sourceTree = "<group>"; };
		81275C2211FE88BC00FF9A80 /* EventSessionDescriptionViewController.xib */ = {isa = PBXFileReference; lastKnownFileType = file.xib; path = EventSessionDescriptionViewController.xib; sourceTree = "<group>"; };
		81275C8711FE996600FF9A80 /* spring.png */ = {isa = PBXFileReference; lastKnownFileType = image.png; path = spring.png; sourceTree = "<group>"; };
		81275CA711FE9E6B00FF9A80 /* NavigationViewController.h */ = {isa = PBXFileReference; fileEncoding = 4; lastKnownFileType = sourcecode.c.h; path = NavigationViewController.h; sourceTree = "<group>"; };
		81275CA811FE9E6B00FF9A80 /* NavigationViewController.m */ = {isa = PBXFileReference; fileEncoding = 4; lastKnownFileType = sourcecode.c.objc; path = NavigationViewController.m; sourceTree = "<group>"; };
		81275CB711FE9FD600FF9A80 /* UpdatesNavigationViewController.xib */ = {isa = PBXFileReference; lastKnownFileType = file.xib; path = UpdatesNavigationViewController.xib; sourceTree = "<group>"; };
		8135A07D11ECA41200F0F2F8 /* EventDetailsViewController.h */ = {isa = PBXFileReference; fileEncoding = 4; lastKnownFileType = sourcecode.c.h; path = EventDetailsViewController.h; sourceTree = "<group>"; };
		8135A07E11ECA41200F0F2F8 /* EventDetailsViewController.m */ = {isa = PBXFileReference; fileEncoding = 4; lastKnownFileType = sourcecode.c.objc; path = EventDetailsViewController.m; sourceTree = "<group>"; };
		8135A08411ECA56C00F0F2F8 /* EventsNavigationViewController.xib */ = {isa = PBXFileReference; lastKnownFileType = file.xib; path = EventsNavigationViewController.xib; sourceTree = "<group>"; };
		8135A0BF11ECB40400F0F2F8 /* EventDetailsViewController.xib */ = {isa = PBXFileReference; lastKnownFileType = file.xib; path = EventDetailsViewController.xib; sourceTree = "<group>"; };
		8135A0F911ED236900F0F2F8 /* TweetsViewController.xib */ = {isa = PBXFileReference; lastKnownFileType = file.xib; path = TweetsViewController.xib; sourceTree = "<group>"; };
		8135A0FB11ED242B00F0F2F8 /* EventTweetsViewController.h */ = {isa = PBXFileReference; fileEncoding = 4; lastKnownFileType = sourcecode.c.h; path = EventTweetsViewController.h; sourceTree = "<group>"; };
		8135A0FC11ED242B00F0F2F8 /* EventTweetsViewController.m */ = {isa = PBXFileReference; fileEncoding = 4; lastKnownFileType = sourcecode.c.objc; path = EventTweetsViewController.m; sourceTree = "<group>"; };
		8135A10411ED5E5300F0F2F8 /* EventSessionsCurrentViewController.h */ = {isa = PBXFileReference; fileEncoding = 4; lastKnownFileType = sourcecode.c.h; path = EventSessionsCurrentViewController.h; sourceTree = "<group>"; };
		8135A10511ED5E5300F0F2F8 /* EventSessionsCurrentViewController.m */ = {isa = PBXFileReference; fileEncoding = 4; lastKnownFileType = sourcecode.c.objc; path = EventSessionsCurrentViewController.m; sourceTree = "<group>"; };
		8138DC2A11F73EF700D7A47F /* EventSession.h */ = {isa = PBXFileReference; fileEncoding = 4; lastKnownFileType = sourcecode.c.h; path = EventSession.h; sourceTree = "<group>"; };
		8138DC2B11F73EF700D7A47F /* EventSession.m */ = {isa = PBXFileReference; fileEncoding = 4; lastKnownFileType = sourcecode.c.objc; path = EventSession.m; sourceTree = "<group>"; };
		8138DC2D11F73FED00D7A47F /* WebDataModelObject.h */ = {isa = PBXFileReference; fileEncoding = 4; lastKnownFileType = sourcecode.c.h; path = WebDataModelObject.h; sourceTree = "<group>"; };
		8138DC2E11F73FED00D7A47F /* WebDataModelObject.m */ = {isa = PBXFileReference; fileEncoding = 4; lastKnownFileType = sourcecode.c.objc; path = WebDataModelObject.m; sourceTree = "<group>"; };
		8138DD2711F7A2CA00D7A47F /* EventSessionDetailsViewController.h */ = {isa = PBXFileReference; fileEncoding = 4; lastKnownFileType = sourcecode.c.h; path = EventSessionDetailsViewController.h; sourceTree = "<group>"; };
		8138DD2811F7A2CA00D7A47F /* EventSessionDetailsViewController.m */ = {isa = PBXFileReference; fileEncoding = 4; lastKnownFileType = sourcecode.c.objc; path = EventSessionDetailsViewController.m; sourceTree = "<group>"; };
		8138DD2A11F7A30E00D7A47F /* EventSessionDetailsViewController.xib */ = {isa = PBXFileReference; lastKnownFileType = file.xib; path = EventSessionDetailsViewController.xib; sourceTree = "<group>"; };
		8138DD8E11F8836600D7A47F /* EventDescriptionViewController.xib */ = {isa = PBXFileReference; lastKnownFileType = file.xib; path = EventDescriptionViewController.xib; sourceTree = "<group>"; };
		8138DD9211F884D700D7A47F /* EventDescriptionViewController.h */ = {isa = PBXFileReference; fileEncoding = 4; lastKnownFileType = sourcecode.c.h; path = EventDescriptionViewController.h; sourceTree = "<group>"; };
		8138DD9311F884D700D7A47F /* EventDescriptionViewController.m */ = {isa = PBXFileReference; fileEncoding = 4; lastKnownFileType = sourcecode.c.objc; path = EventDescriptionViewController.m; sourceTree = "<group>"; };
		8138DE7011F8D79600D7A47F /* UIColor+CustomColors.h */ = {isa = PBXFileReference; fileEncoding = 4; lastKnownFileType = sourcecode.c.h; path = "UIColor+CustomColors.h"; sourceTree = "<group>"; };
		8138DE7111F8D79600D7A47F /* UIColor+CustomColors.m */ = {isa = PBXFileReference; fileEncoding = 4; lastKnownFileType = sourcecode.c.objc; path = "UIColor+CustomColors.m"; sourceTree = "<group>"; };
		8153C79211DD04C500F7BDE1 /* UpdatesMainViewController.xib */ = {isa = PBXFileReference; lastKnownFileType = file.xib; path = UpdatesMainViewController.xib; sourceTree = "<group>"; };
		8153C79411DD052E00F7BDE1 /* UpdatesMainViewController.h */ = {isa = PBXFileReference; fileEncoding = 4; lastKnownFileType = sourcecode.c.h; path = UpdatesMainViewController.h; sourceTree = "<group>"; };
		8153C79511DD052E00F7BDE1 /* UpdatesMainViewController.m */ = {isa = PBXFileReference; fileEncoding = 4; lastKnownFileType = sourcecode.c.objc; path = UpdatesMainViewController.m; sourceTree = "<group>"; };
		8153C7BC11DD353700F7BDE1 /* Update.h */ = {isa = PBXFileReference; fileEncoding = 4; lastKnownFileType = sourcecode.c.h; path = Update.h; sourceTree = "<group>"; };
		8153C7BD11DD353700F7BDE1 /* Update.m */ = {isa = PBXFileReference; fileEncoding = 4; lastKnownFileType = sourcecode.c.objc; path = Update.m; sourceTree = "<group>"; };
		815F274F11BDF5A300F83095 /* ProfileMainViewController.h */ = {isa = PBXFileReference; fileEncoding = 4; lastKnownFileType = sourcecode.c.h; path = ProfileMainViewController.h; sourceTree = "<group>"; };
		815F275011BDF5A300F83095 /* ProfileMainViewController.m */ = {isa = PBXFileReference; fileEncoding = 4; lastKnownFileType = sourcecode.c.objc; path = ProfileMainViewController.m; sourceTree = "<group>"; };
		8170E45F11C82A7600F4FB15 /* OAToken_KeychainExtensions.h */ = {isa = PBXFileReference; fileEncoding = 4; lastKnownFileType = sourcecode.c.h; path = OAToken_KeychainExtensions.h; sourceTree = "<group>"; };
		8170E46011C82A7600F4FB15 /* OAToken_KeychainExtensions.m */ = {isa = PBXFileReference; fileEncoding = 4; lastKnownFileType = sourcecode.c.objc; path = OAToken_KeychainExtensions.m; sourceTree = "<group>"; };
		8171938C11E668DE007C82B2 /* EventsMainViewController.h */ = {isa = PBXFileReference; fileEncoding = 4; lastKnownFileType = sourcecode.c.h; path = EventsMainViewController.h; sourceTree = "<group>"; };
		8171938D11E668DE007C82B2 /* EventsMainViewController.m */ = {isa = PBXFileReference; fileEncoding = 4; lastKnownFileType = sourcecode.c.objc; path = EventsMainViewController.m; sourceTree = "<group>"; };
		8171949111E66AD7007C82B2 /* Event.h */ = {isa = PBXFileReference; fileEncoding = 4; lastKnownFileType = sourcecode.c.h; path = Event.h; sourceTree = "<group>"; };
		8171949211E66AD7007C82B2 /* Event.m */ = {isa = PBXFileReference; fileEncoding = 4; lastKnownFileType = sourcecode.c.objc; path = Event.m; sourceTree = "<group>"; };
		817194A011E66F6D007C82B2 /* EventsMainViewController.xib */ = {isa = PBXFileReference; lastKnownFileType = file.xib; path = EventsMainViewController.xib; sourceTree = "<group>"; };
		8174930A12070884008A9E61 /* EventSessionsFavoritesViewController.h */ = {isa = PBXFileReference; fileEncoding = 4; lastKnownFileType = sourcecode.c.h; path = EventSessionsFavoritesViewController.h; sourceTree = "<group>"; };
		8174930B12070884008A9E61 /* EventSessionsFavoritesViewController.m */ = {isa = PBXFileReference; fileEncoding = 4; lastKnownFileType = sourcecode.c.objc; path = EventSessionsFavoritesViewController.m; sourceTree = "<group>"; };
		817493771207162B008A9E61 /* EventSessionsViewController.h */ = {isa = PBXFileReference; fileEncoding = 4; lastKnownFileType = sourcecode.c.h; path = EventSessionsViewController.h; sourceTree = "<group>"; };
		817493781207162B008A9E61 /* EventSessionsViewController.m */ = {isa = PBXFileReference; fileEncoding = 4; lastKnownFileType = sourcecode.c.objc; path = EventSessionsViewController.m; sourceTree = "<group>"; };
		8174941812074F51008A9E61 /* EventSessionsConferenceFavoritesViewController.h */ = {isa = PBXFileReference; fileEncoding = 4; lastKnownFileType = sourcecode.c.h; path = EventSessionsConferenceFavoritesViewController.h; sourceTree = "<group>"; };
		8174941912074F51008A9E61 /* EventSessionsConferenceFavoritesViewController.m */ = {isa = PBXFileReference; fileEncoding = 4; lastKnownFileType = sourcecode.c.objc; path = EventSessionsConferenceFavoritesViewController.m; sourceTree = "<group>"; };
		81749439120758CB008A9E61 /* EventSessionRateViewController.h */ = {isa = PBXFileReference; fileEncoding = 4; lastKnownFileType = sourcecode.c.h; path = EventSessionRateViewController.h; sourceTree = "<group>"; };
		8174943A120758CB008A9E61 /* EventSessionRateViewController.m */ = {isa = PBXFileReference; fileEncoding = 4; lastKnownFileType = sourcecode.c.objc; path = EventSessionRateViewController.m; sourceTree = "<group>"; };
		8174944F12075D69008A9E61 /* EventSessionRateViewController.xib */ = {isa = PBXFileReference; lastKnownFileType = file.xib; path = EventSessionRateViewController.xib; sourceTree = "<group>"; };
		817494C41207CE3E008A9E61 /* UIToolbar+CustomStyle.h */ = {isa = PBXFileReference; fileEncoding = 4; lastKnownFileType = sourcecode.c.h; path = "UIToolbar+CustomStyle.h"; sourceTree = "<group>"; };
		817494C51207CE3E008A9E61 /* UIToolbar+CustomStyle.m */ = {isa = PBXFileReference; fileEncoding = 4; lastKnownFileType = sourcecode.c.objc; path = "UIToolbar+CustomStyle.m"; sourceTree = "<group>"; };
		817496721209FE04008A9E61 /* TweetProfileImageDownloader.h */ = {isa = PBXFileReference; fileEncoding = 4; lastKnownFileType = sourcecode.c.h; path = TweetProfileImageDownloader.h; sourceTree = "<group>"; };
		817496731209FE04008A9E61 /* TweetProfileImageDownloader.m */ = {isa = PBXFileReference; fileEncoding = 4; lastKnownFileType = sourcecode.c.objc; path = TweetProfileImageDownloader.m; sourceTree = "<group>"; };
		81749881120B8617008A9E61 /* t_logo-b.png */ = {isa = PBXFileReference; lastKnownFileType = image.png; path = "t_logo-b.png"; sourceTree = "<group>"; };
		817498A7120BCDB5008A9E61 /* star-empty.png */ = {isa = PBXFileReference; lastKnownFileType = image.png; path = "star-empty.png"; sourceTree = "<group>"; };
		817498A8120BCDB5008A9E61 /* star-half.png */ = {isa = PBXFileReference; lastKnownFileType = image.png; path = "star-half.png"; sourceTree = "<group>"; };
		817498A9120BCDB5008A9E61 /* star.png */ = {isa = PBXFileReference; lastKnownFileType = image.png; path = star.png; sourceTree = "<group>"; };
		8178A8AB11D9113F0084FA66 /* NSDictionary+Helpers.h */ = {isa = PBXFileReference; fileEncoding = 4; lastKnownFileType = sourcecode.c.h; path = "NSDictionary+Helpers.h"; sourceTree = "<group>"; };
		8178A8AC11D9113F0084FA66 /* NSDictionary+Helpers.m */ = {isa = PBXFileReference; fileEncoding = 4; lastKnownFileType = sourcecode.c.objc; path = "NSDictionary+Helpers.m"; sourceTree = "<group>"; };
		819E441E11FF1EE300DBC0BB /* EventMapViewController.h */ = {isa = PBXFileReference; fileEncoding = 4; lastKnownFileType = sourcecode.c.h; path = EventMapViewController.h; sourceTree = "<group>"; };
		819E441F11FF1EE300DBC0BB /* EventMapViewController.m */ = {isa = PBXFileReference; fileEncoding = 4; lastKnownFileType = sourcecode.c.objc; path = EventMapViewController.m; sourceTree = "<group>"; };
		819E442111FF1EF400DBC0BB /* EventMapViewController.xib */ = {isa = PBXFileReference; lastKnownFileType = file.xib; path = EventMapViewController.xib; sourceTree = "<group>"; };
		819E443B11FF1FA600DBC0BB /* MapKit.framework */ = {isa = PBXFileReference; lastKnownFileType = wrapper.framework; name = MapKit.framework; path = System/Library/Frameworks/MapKit.framework; sourceTree = SDKROOT; };
		819E448C11FF2D1000DBC0BB /* EventAnnotation.h */ = {isa = PBXFileReference; fileEncoding = 4; lastKnownFileType = sourcecode.c.h; path = EventAnnotation.h; sourceTree = "<group>"; };
		819E448D11FF2D1000DBC0BB /* EventAnnotation.m */ = {isa = PBXFileReference; fileEncoding = 4; lastKnownFileType = sourcecode.c.objc; path = EventAnnotation.m; sourceTree = "<group>"; };
		81A34A7F11BDF47500B12131 /* ProfileMainViewController.xib */ = {isa = PBXFileReference; lastKnownFileType = file.xib; path = ProfileMainViewController.xib; sourceTree = "<group>"; };
		81AF1C5C11C7FBF200960E9F /* spring09_logo.png */ = {isa = PBXFileReference; lastKnownFileType = image.png; path = spring09_logo.png; sourceTree = "<group>"; };
		81B94E4D11F0AD2E003B2117 /* OAuthViewController.h */ = {isa = PBXFileReference; fileEncoding = 4; lastKnownFileType = sourcecode.c.h; path = OAuthViewController.h; sourceTree = "<group>"; };
		81B94E4E11F0AD2E003B2117 /* OAuthViewController.m */ = {isa = PBXFileReference; fileEncoding = 4; lastKnownFileType = sourcecode.c.objc; path = OAuthViewController.m; sourceTree = "<group>"; };
		81C38A6111C679CE00E1659E /* JSON.h */ = {isa = PBXFileReference; fileEncoding = 4; lastKnownFileType = sourcecode.c.h; path = JSON.h; sourceTree = "<group>"; };
		81C38A6211C679CE00E1659E /* NSObject+SBJSON.h */ = {isa = PBXFileReference; fileEncoding = 4; lastKnownFileType = sourcecode.c.h; path = "NSObject+SBJSON.h"; sourceTree = "<group>"; };
		81C38A6311C679CE00E1659E /* NSObject+SBJSON.m */ = {isa = PBXFileReference; fileEncoding = 4; lastKnownFileType = sourcecode.c.objc; path = "NSObject+SBJSON.m"; sourceTree = "<group>"; };
		81C38A6411C679CE00E1659E /* NSString+SBJSON.h */ = {isa = PBXFileReference; fileEncoding = 4; lastKnownFileType = sourcecode.c.h; path = "NSString+SBJSON.h"; sourceTree = "<group>"; };
		81C38A6511C679CE00E1659E /* NSString+SBJSON.m */ = {isa = PBXFileReference; fileEncoding = 4; lastKnownFileType = sourcecode.c.objc; path = "NSString+SBJSON.m"; sourceTree = "<group>"; };
		81C38A6611C679CE00E1659E /* SBJSON.h */ = {isa = PBXFileReference; fileEncoding = 4; lastKnownFileType = sourcecode.c.h; path = SBJSON.h; sourceTree = "<group>"; };
		81C38A6711C679CE00E1659E /* SBJSON.m */ = {isa = PBXFileReference; fileEncoding = 4; lastKnownFileType = sourcecode.c.objc; path = SBJSON.m; sourceTree = "<group>"; };
		81C38A6811C679CE00E1659E /* SBJsonBase.h */ = {isa = PBXFileReference; fileEncoding = 4; lastKnownFileType = sourcecode.c.h; path = SBJsonBase.h; sourceTree = "<group>"; };
		81C38A6911C679CE00E1659E /* SBJsonBase.m */ = {isa = PBXFileReference; fileEncoding = 4; lastKnownFileType = sourcecode.c.objc; path = SBJsonBase.m; sourceTree = "<group>"; };
		81C38A6A11C679CE00E1659E /* SBJsonParser.h */ = {isa = PBXFileReference; fileEncoding = 4; lastKnownFileType = sourcecode.c.h; path = SBJsonParser.h; sourceTree = "<group>"; };
		81C38A6B11C679CE00E1659E /* SBJsonParser.m */ = {isa = PBXFileReference; fileEncoding = 4; lastKnownFileType = sourcecode.c.objc; path = SBJsonParser.m; sourceTree = "<group>"; };
		81C38A6C11C679CE00E1659E /* SBJsonWriter.h */ = {isa = PBXFileReference; fileEncoding = 4; lastKnownFileType = sourcecode.c.h; path = SBJsonWriter.h; sourceTree = "<group>"; };
		81C38A6D11C679CE00E1659E /* SBJsonWriter.m */ = {isa = PBXFileReference; fileEncoding = 4; lastKnownFileType = sourcecode.c.objc; path = SBJsonWriter.m; sourceTree = "<group>"; };
		81CC5FAF11EE6BD1002BB755 /* NSDictionary_HelpersTest.h */ = {isa = PBXFileReference; fileEncoding = 4; lastKnownFileType = sourcecode.c.h; path = NSDictionary_HelpersTest.h; sourceTree = "<group>"; };
		81CC5FB011EE6BD1002BB755 /* NSDictionary_HelpersTest.m */ = {isa = PBXFileReference; fileEncoding = 4; lastKnownFileType = sourcecode.c.objc; path = NSDictionary_HelpersTest.m; sourceTree = "<group>"; };
		81CC605511EF41E5002BB755 /* Tweet.h */ = {isa = PBXFileReference; fileEncoding = 4; lastKnownFileType = sourcecode.c.h; path = Tweet.h; sourceTree = "<group>"; };
		81CC605611EF41E5002BB755 /* Tweet.m */ = {isa = PBXFileReference; fileEncoding = 4; lastKnownFileType = sourcecode.c.objc; path = Tweet.m; sourceTree = "<group>"; };
		81D4A44F11C30692000A71C3 /* Profile.h */ = {isa = PBXFileReference; fileEncoding = 4; lastKnownFileType = sourcecode.c.h; path = Profile.h; sourceTree = "<group>"; };
		81D4A45011C30692000A71C3 /* Profile.m */ = {isa = PBXFileReference; fileEncoding = 4; lastKnownFileType = sourcecode.c.objc; path = Profile.m; sourceTree = "<group>"; };
		81D4A45C11C30945000A71C3 /* AppSettings.h */ = {isa = PBXFileReference; fileEncoding = 4; lastKnownFileType = sourcecode.c.h; path = AppSettings.h; sourceTree = "<group>"; };
		81D4A45D11C30945000A71C3 /* AppSettings.m */ = {isa = PBXFileReference; fileEncoding = 4; lastKnownFileType = sourcecode.c.objc; path = AppSettings.m; sourceTree = "<group>"; };
		81E6151F121329D400451901 /* EventSessionLeader.h */ = {isa = PBXFileReference; fileEncoding = 4; lastKnownFileType = sourcecode.c.h; path = EventSessionLeader.h; sourceTree = "<group>"; };
		81E61520121329D400451901 /* EventSessionLeader.m */ = {isa = PBXFileReference; fileEncoding = 4; lastKnownFileType = sourcecode.c.objc; path = EventSessionLeader.m; sourceTree = "<group>"; };
		81E615D21213B7B400451901 /* UITabBar+CustomStyle.h */ = {isa = PBXFileReference; fileEncoding = 4; lastKnownFileType = sourcecode.c.h; path = "UITabBar+CustomStyle.h"; sourceTree = "<group>"; };
		81E615D31213B7B400451901 /* UITabBar+CustomStyle.m */ = {isa = PBXFileReference; fileEncoding = 4; lastKnownFileType = sourcecode.c.objc; path = "UITabBar+CustomStyle.m"; sourceTree = "<group>"; };
		81E615FF1214398700451901 /* WebImageView.h */ = {isa = PBXFileReference; fileEncoding = 4; lastKnownFileType = sourcecode.c.h; path = WebImageView.h; sourceTree = "<group>"; };
		81E616001214398700451901 /* WebImageView.m */ = {isa = PBXFileReference; fileEncoding = 4; lastKnownFileType = sourcecode.c.objc; path = WebImageView.m; sourceTree = "<group>"; };
		81E75EDB11BE048700E6B283 /* AuthorizeViewController.h */ = {isa = PBXFileReference; fileEncoding = 4; lastKnownFileType = sourcecode.c.h; path = AuthorizeViewController.h; sourceTree = "<group>"; };
		81E75EDC11BE048700E6B283 /* AuthorizeViewController.m */ = {isa = PBXFileReference; fileEncoding = 4; lastKnownFileType = sourcecode.c.objc; path = AuthorizeViewController.m; sourceTree = "<group>"; };
		81E75EDE11BE04D200E6B283 /* AuthorizeViewController.xib */ = {isa = PBXFileReference; lastKnownFileType = file.xib; path = AuthorizeViewController.xib; sourceTree = "<group>"; };
		81E75EF711BE0A2100E6B283 /* OAuthManager.h */ = {isa = PBXFileReference; fileEncoding = 4; lastKnownFileType = sourcecode.c.h; path = OAuthManager.h; sourceTree = "<group>"; };
		81E75EF811BE0A2200E6B283 /* OAuthManager.m */ = {isa = PBXFileReference; fileEncoding = 4; lastKnownFileType = sourcecode.c.objc; path = OAuthManager.m; sourceTree = "<group>"; };
		81E75F0311BE0C5800E6B283 /* Base64Transcoder.c */ = {isa = PBXFileReference; fileEncoding = 4; lastKnownFileType = sourcecode.c.c; path = Base64Transcoder.c; sourceTree = "<group>"; };
		81E75F0411BE0C5800E6B283 /* Base64Transcoder.h */ = {isa = PBXFileReference; fileEncoding = 4; lastKnownFileType = sourcecode.c.h; path = Base64Transcoder.h; sourceTree = "<group>"; };
		81E75F0511BE0C5800E6B283 /* NSMutableURLRequest+Parameters.h */ = {isa = PBXFileReference; fileEncoding = 4; lastKnownFileType = sourcecode.c.h; path = "NSMutableURLRequest+Parameters.h"; sourceTree = "<group>"; };
		81E75F0611BE0C5800E6B283 /* NSMutableURLRequest+Parameters.m */ = {isa = PBXFileReference; fileEncoding = 4; lastKnownFileType = sourcecode.c.objc; path = "NSMutableURLRequest+Parameters.m"; sourceTree = "<group>"; };
		81E75F0711BE0C5800E6B283 /* NSString+URLEncoding.h */ = {isa = PBXFileReference; fileEncoding = 4; lastKnownFileType = sourcecode.c.h; path = "NSString+URLEncoding.h"; sourceTree = "<group>"; };
		81E75F0811BE0C5800E6B283 /* NSString+URLEncoding.m */ = {isa = PBXFileReference; fileEncoding = 4; lastKnownFileType = sourcecode.c.objc; path = "NSString+URLEncoding.m"; sourceTree = "<group>"; };
		81E75F0911BE0C5800E6B283 /* NSURL+Base.h */ = {isa = PBXFileReference; fileEncoding = 4; lastKnownFileType = sourcecode.c.h; path = "NSURL+Base.h"; sourceTree = "<group>"; };
		81E75F0A11BE0C5800E6B283 /* NSURL+Base.m */ = {isa = PBXFileReference; fileEncoding = 4; lastKnownFileType = sourcecode.c.objc; path = "NSURL+Base.m"; sourceTree = "<group>"; };
		81E75F0B11BE0C5800E6B283 /* OAAsynchronousDataFetcher.h */ = {isa = PBXFileReference; fileEncoding = 4; lastKnownFileType = sourcecode.c.h; path = OAAsynchronousDataFetcher.h; sourceTree = "<group>"; };
		81E75F0C11BE0C5800E6B283 /* OAAsynchronousDataFetcher.m */ = {isa = PBXFileReference; fileEncoding = 4; lastKnownFileType = sourcecode.c.objc; path = OAAsynchronousDataFetcher.m; sourceTree = "<group>"; };
		81E75F0D11BE0C5800E6B283 /* OAConsumer.h */ = {isa = PBXFileReference; fileEncoding = 4; lastKnownFileType = sourcecode.c.h; path = OAConsumer.h; sourceTree = "<group>"; };
		81E75F0E11BE0C5800E6B283 /* OAConsumer.m */ = {isa = PBXFileReference; fileEncoding = 4; lastKnownFileType = sourcecode.c.objc; path = OAConsumer.m; sourceTree = "<group>"; };
		81E75F0F11BE0C5800E6B283 /* OADataFetcher.h */ = {isa = PBXFileReference; fileEncoding = 4; lastKnownFileType = sourcecode.c.h; path = OADataFetcher.h; sourceTree = "<group>"; };
		81E75F1011BE0C5800E6B283 /* OADataFetcher.m */ = {isa = PBXFileReference; fileEncoding = 4; lastKnownFileType = sourcecode.c.objc; path = OADataFetcher.m; sourceTree = "<group>"; };
		81E75F1111BE0C5800E6B283 /* OAHMAC_SHA1SignatureProvider.h */ = {isa = PBXFileReference; fileEncoding = 4; lastKnownFileType = sourcecode.c.h; path = OAHMAC_SHA1SignatureProvider.h; sourceTree = "<group>"; };
		81E75F1211BE0C5800E6B283 /* OAHMAC_SHA1SignatureProvider.m */ = {isa = PBXFileReference; fileEncoding = 4; lastKnownFileType = sourcecode.c.objc; path = OAHMAC_SHA1SignatureProvider.m; sourceTree = "<group>"; };
		81E75F1311BE0C5800E6B283 /* OAMutableURLRequest.h */ = {isa = PBXFileReference; fileEncoding = 4; lastKnownFileType = sourcecode.c.h; path = OAMutableURLRequest.h; sourceTree = "<group>"; };
		81E75F1411BE0C5800E6B283 /* OAMutableURLRequest.m */ = {isa = PBXFileReference; fileEncoding = 4; lastKnownFileType = sourcecode.c.objc; path = OAMutableURLRequest.m; sourceTree = "<group>"; };
		81E75F1511BE0C5800E6B283 /* OAPlaintextSignatureProvider.h */ = {isa = PBXFileReference; fileEncoding = 4; lastKnownFileType = sourcecode.c.h; path = OAPlaintextSignatureProvider.h; sourceTree = "<group>"; };
		81E75F1611BE0C5800E6B283 /* OAPlaintextSignatureProvider.m */ = {isa = PBXFileReference; fileEncoding = 4; lastKnownFileType = sourcecode.c.objc; path = OAPlaintextSignatureProvider.m; sourceTree = "<group>"; };
		81E75F1711BE0C5800E6B283 /* OARequestParameter.h */ = {isa = PBXFileReference; fileEncoding = 4; lastKnownFileType = sourcecode.c.h; path = OARequestParameter.h; sourceTree = "<group>"; };
		81E75F1811BE0C5800E6B283 /* OARequestParameter.m */ = {isa = PBXFileReference; fileEncoding = 4; lastKnownFileType = sourcecode.c.objc; path = OARequestParameter.m; sourceTree = "<group>"; };
		81E75F1911BE0C5800E6B283 /* OAServiceTicket.h */ = {isa = PBXFileReference; fileEncoding = 4; lastKnownFileType = sourcecode.c.h; path = OAServiceTicket.h; sourceTree = "<group>"; };
		81E75F1A11BE0C5800E6B283 /* OAServiceTicket.m */ = {isa = PBXFileReference; fileEncoding = 4; lastKnownFileType = sourcecode.c.objc; path = OAServiceTicket.m; sourceTree = "<group>"; };
		81E75F1B11BE0C5800E6B283 /* OASignatureProviding.h */ = {isa = PBXFileReference; fileEncoding = 4; lastKnownFileType = sourcecode.c.h; path = OASignatureProviding.h; sourceTree = "<group>"; };
		81E75F1C11BE0C5800E6B283 /* OAToken.h */ = {isa = PBXFileReference; fileEncoding = 4; lastKnownFileType = sourcecode.c.h; path = OAToken.h; sourceTree = "<group>"; };
		81E75F1D11BE0C5800E6B283 /* OAToken.m */ = {isa = PBXFileReference; fileEncoding = 4; lastKnownFileType = sourcecode.c.objc; path = OAToken.m; sourceTree = "<group>"; };
		81E75F2011BE0C5800E6B283 /* OAuthConsumer.h */ = {isa = PBXFileReference; fileEncoding = 4; lastKnownFileType = sourcecode.c.h; path = OAuthConsumer.h; sourceTree = "<group>"; };
		81E75F3911BE0D5800E6B283 /* Security.framework */ = {isa = PBXFileReference; lastKnownFileType = wrapper.framework; name = Security.framework; path = System/Library/Frameworks/Security.framework; sourceTree = SDKROOT; };
		81F79F441201E47800743FFF /* UINavigationBar+CustomStyle.h */ = {isa = PBXFileReference; fileEncoding = 4; lastKnownFileType = sourcecode.c.h; path = "UINavigationBar+CustomStyle.h"; sourceTree = "<group>"; };
		81F79F451201E47800743FFF /* UINavigationBar+CustomStyle.m */ = {isa = PBXFileReference; fileEncoding = 4; lastKnownFileType = sourcecode.c.objc; path = "UINavigationBar+CustomStyle.m"; sourceTree = "<group>"; };
		81F79FD71201FB2600743FFF /* EventSessionsMenuViewController.h */ = {isa = PBXFileReference; fileEncoding = 4; lastKnownFileType = sourcecode.c.h; path = EventSessionsMenuViewController.h; sourceTree = "<group>"; };
		81F79FD81201FB2600743FFF /* EventSessionsMenuViewController.m */ = {isa = PBXFileReference; fileEncoding = 4; lastKnownFileType = sourcecode.c.objc; path = EventSessionsMenuViewController.m; sourceTree = "<group>"; };
		81F79FDA1202097300743FFF /* EventSessionsMenuViewController.xib */ = {isa = PBXFileReference; lastKnownFileType = file.xib; path = EventSessionsMenuViewController.xib; sourceTree = "<group>"; };
		81F7A11C12030D2D00743FFF /* EventSessionsByDayViewController.h */ = {isa = PBXFileReference; fileEncoding = 4; lastKnownFileType = sourcecode.c.h; path = EventSessionsByDayViewController.h; sourceTree = "<group>"; };
		81F7A11D12030D2D00743FFF /* EventSessionsByDayViewController.m */ = {isa = PBXFileReference; fileEncoding = 4; lastKnownFileType = sourcecode.c.objc; path = EventSessionsByDayViewController.m; sourceTree = "<group>"; };
		81F7A1A31203541100743FFF /* EventSessionsViewController.xib */ = {isa = PBXFileReference; lastKnownFileType = file.xib; path = EventSessionsViewController.xib; sourceTree = "<group>"; };
		8D1107310486CEB800E47090 /* Greenhouse-Info.plist */ = {isa = PBXFileReference; fileEncoding = 4; lastKnownFileType = text.plist.xml; path = "Greenhouse-Info.plist"; plistStructureDefinitionIdentifier = "com.apple.xcode.plist.structure-definition.iphone.info-plist"; sourceTree = "<group>"; };
/* End PBXFileReference section */

/* Begin PBXFrameworksBuildPhase section */
		1D60588F0D05DD3D006BFB54 /* Frameworks */ = {
			isa = PBXFrameworksBuildPhase;
			buildActionMask = 2147483647;
			files = (
				1D60589F0D05DD5A006BFB54 /* Foundation.framework in Frameworks */,
				1DF5F4E00D08C38300B7A737 /* UIKit.framework in Frameworks */,
				2892E4100DC94CBA00A64D0F /* CoreGraphics.framework in Frameworks */,
				28860BE50F44EE6400985440 /* CoreData.framework in Frameworks */,
				81E75F3A11BE0D5800E6B283 /* Security.framework in Frameworks */,
				819E443C11FF1FA600DBC0BB /* MapKit.framework in Frameworks */,
				811BA5D0120C58E40045BB34 /* CoreLocation.framework in Frameworks */,
			);
			runOnlyForDeploymentPostprocessing = 0;
		};
		8104E76011D1606400590E90 /* Frameworks */ = {
			isa = PBXFrameworksBuildPhase;
			buildActionMask = 2147483647;
			files = (
			);
			runOnlyForDeploymentPostprocessing = 0;
		};
		8104E7C911D1646D00590E90 /* Frameworks */ = {
			isa = PBXFrameworksBuildPhase;
			buildActionMask = 2147483647;
			files = (
				8104E7CA11D1646D00590E90 /* Foundation.framework in Frameworks */,
				8104E7CB11D1646D00590E90 /* UIKit.framework in Frameworks */,
				8104E7CC11D1646D00590E90 /* CoreGraphics.framework in Frameworks */,
				8104E7CD11D1646D00590E90 /* CoreData.framework in Frameworks */,
				8104E7CE11D1646D00590E90 /* Security.framework in Frameworks */,
			);
			runOnlyForDeploymentPostprocessing = 0;
		};
		8104E7DA11D164AF00590E90 /* Frameworks */ = {
			isa = PBXFrameworksBuildPhase;
			buildActionMask = 2147483647;
			files = (
			);
			runOnlyForDeploymentPostprocessing = 0;
		};
/* End PBXFrameworksBuildPhase section */

/* Begin PBXGroup section */
		080E96DDFE201D6D7F000001 /* Classes */ = {
			isa = PBXGroup;
			children = (
				8178A8AA11D910FB0084FA66 /* Categories */,
				81D4A45311C30871000A71C3 /* App */,
				81D4A44E11C3066D000A71C3 /* Models */,
				81D4A47311C30B52000A71C3 /* Views */,
				81D4A45211C3083F000A71C3 /* View Controllers */,
				81E75EF611BE09E700E6B283 /* Services */,
				81D4A45B11C30904000A71C3 /* Utilities */,
			);
			path = Classes;
			sourceTree = "<group>";
		};
		19C28FACFE9D520D11CA2CBB /* Products */ = {
			isa = PBXGroup;
			children = (
				1D6058910D05DD3D006BFB54 /* Greenhouse.app */,
				8104E76311D1606400590E90 /* LogicTests.octest */,
				8104E7D211D1646D00590E90 /* Greenhouse.app */,
				8104E7DD11D164AF00590E90 /* GreenhouseTests.octest */,
			);
			name = Products;
			sourceTree = "<group>";
		};
		29B97314FDCFA39411CA2CEA /* CustomTemplate */ = {
			isa = PBXGroup;
			children = (
				8104E76D11D1612300590E90 /* Tests */,
				080E96DDFE201D6D7F000001 /* Classes */,
				29B97315FDCFA39411CA2CEA /* Other Sources */,
				29B97317FDCFA39411CA2CEA /* Resources */,
				29B97323FDCFA39411CA2CEA /* Frameworks */,
				81E75F0011BE0C5800E6B283 /* ThirdPartyLibraries */,
				19C28FACFE9D520D11CA2CBB /* Products */,
			);
			name = CustomTemplate;
			sourceTree = "<group>";
		};
		29B97315FDCFA39411CA2CEA /* Other Sources */ = {
			isa = PBXGroup;
			children = (
				28A0AAE50D9B0CCF005BE974 /* Greenhouse_Prefix.pch */,
				29B97316FDCFA39411CA2CEA /* main.m */,
				811F5DEF11C6DEFF005BD43E /* Constants.h */,
				8122BEB311D102F300315B6F /* DLog.h */,
			);
			name = "Other Sources";
			sourceTree = "<group>";
		};
		29B97317FDCFA39411CA2CEA /* Resources */ = {
			isa = PBXGroup;
			children = (
				8D1107310486CEB800E47090 /* Greenhouse-Info.plist */,
				8104E7D411D1646D00590E90 /* GreenhouseTesting-Info.plist */,
				8104E76411D1606400590E90 /* LogicTests-Info.plist */,
				8104E7DE11D164AF00590E90 /* GreenhouseTests-Info.plist */,
				81AF1C5B11C7FBB800960E9F /* Images */,
				81A34A1011BDDBDF00B12131 /* Core Data Files */,
				81A34A0F11BDDBCF00B12131 /* Interface Builder Files */,
			);
			name = Resources;
			sourceTree = "<group>";
		};
		29B97323FDCFA39411CA2CEA /* Frameworks */ = {
			isa = PBXGroup;
			children = (
				1DF5F4DF0D08C38300B7A737 /* UIKit.framework */,
				1D30AB110D05D00D00671497 /* Foundation.framework */,
				2892E40F0DC94CBA00A64D0F /* CoreGraphics.framework */,
				28860BE40F44EE6400985440 /* CoreData.framework */,
				81E75F3911BE0D5800E6B283 /* Security.framework */,
				819E443B11FF1FA600DBC0BB /* MapKit.framework */,
				811BA5CF120C58E40045BB34 /* CoreLocation.framework */,
			);
			name = Frameworks;
			sourceTree = "<group>";
		};
		8104E76D11D1612300590E90 /* Tests */ = {
			isa = PBXGroup;
			children = (
				8104E7F311D1676E00590E90 /* Application Tests */,
				8104E7F211D1675500590E90 /* Logic Tests */,
			);
			name = Tests;
			sourceTree = "<group>";
		};
		8104E7F211D1675500590E90 /* Logic Tests */ = {
			isa = PBXGroup;
			children = (
				81CC5FAF11EE6BD1002BB755 /* NSDictionary_HelpersTest.h */,
				81CC5FB011EE6BD1002BB755 /* NSDictionary_HelpersTest.m */,
			);
			name = "Logic Tests";
			sourceTree = "<group>";
		};
		8104E7F311D1676E00590E90 /* Application Tests */ = {
			isa = PBXGroup;
			children = (
				8104E7F411D167AA00590E90 /* ApplicationTestSuite1.h */,
				8104E7F511D167AA00590E90 /* ApplicationTestSuite1.m */,
			);
			name = "Application Tests";
			sourceTree = "<group>";
		};
		81275CA111FE9DE100FF9A80 /* Updates */ = {
			isa = PBXGroup;
			children = (
				8153C79411DD052E00F7BDE1 /* UpdatesMainViewController.h */,
				8153C79511DD052E00F7BDE1 /* UpdatesMainViewController.m */,
			);
			name = Updates;
			sourceTree = "<group>";
		};
		81275CB611FE9FB200FF9A80 /* Updates */ = {
			isa = PBXGroup;
			children = (
				81275CB711FE9FD600FF9A80 /* UpdatesNavigationViewController.xib */,
				8153C79211DD04C500F7BDE1 /* UpdatesMainViewController.xib */,
			);
			name = Updates;
			sourceTree = "<group>";
		};
		8135A09511ECA64B00F0F2F8 /* Events */ = {
			isa = PBXGroup;
			children = (
				8174937A1207165C008A9E61 /* Common */,
				8171938C11E668DE007C82B2 /* EventsMainViewController.h */,
				8171938D11E668DE007C82B2 /* EventsMainViewController.m */,
				8135A07D11ECA41200F0F2F8 /* EventDetailsViewController.h */,
				8135A07E11ECA41200F0F2F8 /* EventDetailsViewController.m */,
				8138DD9211F884D700D7A47F /* EventDescriptionViewController.h */,
				8138DD9311F884D700D7A47F /* EventDescriptionViewController.m */,
				8135A0FB11ED242B00F0F2F8 /* EventTweetsViewController.h */,
				8135A0FC11ED242B00F0F2F8 /* EventTweetsViewController.m */,
				819E441E11FF1EE300DBC0BB /* EventMapViewController.h */,
				819E441F11FF1EE300DBC0BB /* EventMapViewController.m */,
				819E448C11FF2D1000DBC0BB /* EventAnnotation.h */,
				819E448D11FF2D1000DBC0BB /* EventAnnotation.m */,
				81F79FD71201FB2600743FFF /* EventSessionsMenuViewController.h */,
				81F79FD81201FB2600743FFF /* EventSessionsMenuViewController.m */,
				8135A10411ED5E5300F0F2F8 /* EventSessionsCurrentViewController.h */,
				8135A10511ED5E5300F0F2F8 /* EventSessionsCurrentViewController.m */,
				8174930A12070884008A9E61 /* EventSessionsFavoritesViewController.h */,
				8174930B12070884008A9E61 /* EventSessionsFavoritesViewController.m */,
				8174941812074F51008A9E61 /* EventSessionsConferenceFavoritesViewController.h */,
				8174941912074F51008A9E61 /* EventSessionsConferenceFavoritesViewController.m */,
				81F7A11C12030D2D00743FFF /* EventSessionsByDayViewController.h */,
				81F7A11D12030D2D00743FFF /* EventSessionsByDayViewController.m */,
				8138DD2711F7A2CA00D7A47F /* EventSessionDetailsViewController.h */,
				8138DD2811F7A2CA00D7A47F /* EventSessionDetailsViewController.m */,
				81275C1F11FE889500FF9A80 /* EventSessionDescriptionViewController.h */,
				81275C2011FE889500FF9A80 /* EventSessionDescriptionViewController.m */,
				81275BEA11FE319600FF9A80 /* EventSessionTweetsViewController.h */,
				81275BEB11FE319600FF9A80 /* EventSessionTweetsViewController.m */,
				81749439120758CB008A9E61 /* EventSessionRateViewController.h */,
				8174943A120758CB008A9E61 /* EventSessionRateViewController.m */,
			);
			name = Events;
			sourceTree = "<group>";
		};
		8135A0BE11ECB3E200F0F2F8 /* Events */ = {
			isa = PBXGroup;
			children = (
				8135A08411ECA56C00F0F2F8 /* EventsNavigationViewController.xib */,
				817194A011E66F6D007C82B2 /* EventsMainViewController.xib */,
				8135A0BF11ECB40400F0F2F8 /* EventDetailsViewController.xib */,
				8138DD8E11F8836600D7A47F /* EventDescriptionViewController.xib */,
				819E442111FF1EF400DBC0BB /* EventMapViewController.xib */,
				81F79FDA1202097300743FFF /* EventSessionsMenuViewController.xib */,
				81F7A1A31203541100743FFF /* EventSessionsViewController.xib */,
				8138DD2A11F7A30E00D7A47F /* EventSessionDetailsViewController.xib */,
				81275C2211FE88BC00FF9A80 /* EventSessionDescriptionViewController.xib */,
				8174944F12075D69008A9E61 /* EventSessionRateViewController.xib */,
				8135A0F911ED236900F0F2F8 /* TweetsViewController.xib */,
				8107AA8311FA28E100A59078 /* NewTweetViewController.xib */,
			);
			name = Events;
			sourceTree = "<group>";
		};
		8174937A1207165C008A9E61 /* Common */ = {
			isa = PBXGroup;
			children = (
				817493771207162B008A9E61 /* EventSessionsViewController.h */,
				817493781207162B008A9E61 /* EventSessionsViewController.m */,
				8107AA9611FA2BB000A59078 /* NewTweetViewController.h */,
				8107AA9711FA2BB000A59078 /* NewTweetViewController.m */,
				81275BDE11FE2F1600FF9A80 /* TweetsViewController.h */,
				81275BDF11FE2F1600FF9A80 /* TweetsViewController.m */,
			);
			name = Common;
			sourceTree = "<group>";
		};
		8178A8AA11D910FB0084FA66 /* Categories */ = {
			isa = PBXGroup;
			children = (
				8178A8AB11D9113F0084FA66 /* NSDictionary+Helpers.h */,
				8178A8AC11D9113F0084FA66 /* NSDictionary+Helpers.m */,
				8138DE7011F8D79600D7A47F /* UIColor+CustomColors.h */,
				8138DE7111F8D79600D7A47F /* UIColor+CustomColors.m */,
				81F79F441201E47800743FFF /* UINavigationBar+CustomStyle.h */,
				81F79F451201E47800743FFF /* UINavigationBar+CustomStyle.m */,
				817494C41207CE3E008A9E61 /* UIToolbar+CustomStyle.h */,
				817494C51207CE3E008A9E61 /* UIToolbar+CustomStyle.m */,
				81E615D21213B7B400451901 /* UITabBar+CustomStyle.h */,
				81E615D31213B7B400451901 /* UITabBar+CustomStyle.m */,
			);
			name = Categories;
			sourceTree = "<group>";
		};
		81A34A0F11BDDBCF00B12131 /* Interface Builder Files */ = {
			isa = PBXGroup;
			children = (
				28AD735F0D9D9599002E5188 /* MainWindow.xib */,
				8122BCEC11D00CC300315B6F /* MainViewController.xib */,
				81E75EDE11BE04D200E6B283 /* AuthorizeViewController.xib */,
				81275CB611FE9FB200FF9A80 /* Updates */,
				8135A0BE11ECB3E200F0F2F8 /* Events */,
				81A34A7F11BDF47500B12131 /* ProfileMainViewController.xib */,
			);
			name = "Interface Builder Files";
			sourceTree = "<group>";
		};
		81A34A1011BDDBDF00B12131 /* Core Data Files */ = {
			isa = PBXGroup;
			children = (
				28D3F201112F7DC200FD0661 /* Greenhouse.xcdatamodeld */,
			);
			name = "Core Data Files";
			sourceTree = "<group>";
		};
		81AF1C5B11C7FBB800960E9F /* Images */ = {
			isa = PBXGroup;
			children = (
				817498A7120BCDB5008A9E61 /* star-empty.png */,
				817498A8120BCDB5008A9E61 /* star-half.png */,
				817498A9120BCDB5008A9E61 /* star.png */,
				81749881120B8617008A9E61 /* t_logo-b.png */,
				81275C8711FE996600FF9A80 /* spring.png */,
				81AF1C5C11C7FBF200960E9F /* spring09_logo.png */,
			);
			name = Images;
			sourceTree = "<group>";
		};
		81B94E4C11F0ACEA003B2117 /* Common */ = {
			isa = PBXGroup;
			children = (
				81B94E4D11F0AD2E003B2117 /* OAuthViewController.h */,
				81B94E4E11F0AD2E003B2117 /* OAuthViewController.m */,
				81275CA711FE9E6B00FF9A80 /* NavigationViewController.h */,
				81275CA811FE9E6B00FF9A80 /* NavigationViewController.m */,
			);
			name = Common;
			sourceTree = "<group>";
		};
		81C38A6011C679CE00E1659E /* JSON */ = {
			isa = PBXGroup;
			children = (
				81C38A6111C679CE00E1659E /* JSON.h */,
				81C38A6211C679CE00E1659E /* NSObject+SBJSON.h */,
				81C38A6311C679CE00E1659E /* NSObject+SBJSON.m */,
				81C38A6411C679CE00E1659E /* NSString+SBJSON.h */,
				81C38A6511C679CE00E1659E /* NSString+SBJSON.m */,
				81C38A6611C679CE00E1659E /* SBJSON.h */,
				81C38A6711C679CE00E1659E /* SBJSON.m */,
				81C38A6811C679CE00E1659E /* SBJsonBase.h */,
				81C38A6911C679CE00E1659E /* SBJsonBase.m */,
				81C38A6A11C679CE00E1659E /* SBJsonParser.h */,
				81C38A6B11C679CE00E1659E /* SBJsonParser.m */,
				81C38A6C11C679CE00E1659E /* SBJsonWriter.h */,
				81C38A6D11C679CE00E1659E /* SBJsonWriter.m */,
			);
			path = JSON;
			sourceTree = "<group>";
		};
		81D4A44E11C3066D000A71C3 /* Models */ = {
			isa = PBXGroup;
			children = (
				8138DC2D11F73FED00D7A47F /* WebDataModelObject.h */,
				8138DC2E11F73FED00D7A47F /* WebDataModelObject.m */,
				81D4A44F11C30692000A71C3 /* Profile.h */,
				81D4A45011C30692000A71C3 /* Profile.m */,
				8153C7BC11DD353700F7BDE1 /* Update.h */,
				8153C7BD11DD353700F7BDE1 /* Update.m */,
				8171949111E66AD7007C82B2 /* Event.h */,
				8171949211E66AD7007C82B2 /* Event.m */,
				81CC605511EF41E5002BB755 /* Tweet.h */,
				81CC605611EF41E5002BB755 /* Tweet.m */,
				8138DC2A11F73EF700D7A47F /* EventSession.h */,
				8138DC2B11F73EF700D7A47F /* EventSession.m */,
				81E6151F121329D400451901 /* EventSessionLeader.h */,
				81E61520121329D400451901 /* EventSessionLeader.m */,
			);
			name = Models;
			sourceTree = "<group>";
		};
		81D4A45211C3083F000A71C3 /* View Controllers */ = {
			isa = PBXGroup;
			children = (
				81B94E4C11F0ACEA003B2117 /* Common */,
				81E75EDB11BE048700E6B283 /* AuthorizeViewController.h */,
				81E75EDC11BE048700E6B283 /* AuthorizeViewController.m */,
				8122BCE911D00A9D00315B6F /* MainViewController.h */,
				8122BCEA11D00A9D00315B6F /* MainViewController.m */,
				8135A09511ECA64B00F0F2F8 /* Events */,
				81275CA111FE9DE100FF9A80 /* Updates */,
				815F274F11BDF5A300F83095 /* ProfileMainViewController.h */,
				815F275011BDF5A300F83095 /* ProfileMainViewController.m */,
			);
			name = "View Controllers";
			sourceTree = "<group>";
		};
		81D4A45311C30871000A71C3 /* App */ = {
			isa = PBXGroup;
			children = (
				1D3623240D0F684500981E51 /* GreenhouseAppDelegate.h */,
				1D3623250D0F684500981E51 /* GreenhouseAppDelegate.m */,
				81D4A45C11C30945000A71C3 /* AppSettings.h */,
				81D4A45D11C30945000A71C3 /* AppSettings.m */,
			);
			name = App;
			sourceTree = "<group>";
		};
		81D4A45B11C30904000A71C3 /* Utilities */ = {
			isa = PBXGroup;
			children = (
				817496721209FE04008A9E61 /* TweetProfileImageDownloader.h */,
				817496731209FE04008A9E61 /* TweetProfileImageDownloader.m */,
			);
			name = Utilities;
			sourceTree = "<group>";
		};
		81D4A47311C30B52000A71C3 /* Views */ = {
			isa = PBXGroup;
			children = (
				8107AA6011FA032300A59078 /* TweetTableViewCell.h */,
				8107AA6111FA032300A59078 /* TweetTableViewCell.m */,
				81E615FF1214398700451901 /* WebImageView.h */,
				81E616001214398700451901 /* WebImageView.m */,
			);
			name = Views;
			sourceTree = "<group>";
		};
		81E75EF611BE09E700E6B283 /* Services */ = {
			isa = PBXGroup;
			children = (
				81E75EF711BE0A2100E6B283 /* OAuthManager.h */,
				81E75EF811BE0A2200E6B283 /* OAuthManager.m */,
			);
			name = Services;
			sourceTree = "<group>";
		};
		81E75F0011BE0C5800E6B283 /* ThirdPartyLibraries */ = {
			isa = PBXGroup;
			children = (
				81C38A6011C679CE00E1659E /* JSON */,
				81E75F0111BE0C5800E6B283 /* OAuthConsumer */,
			);
			path = ThirdPartyLibraries;
			sourceTree = "<group>";
		};
		81E75F0111BE0C5800E6B283 /* OAuthConsumer */ = {
			isa = PBXGroup;
			children = (
				81E75F0211BE0C5800E6B283 /* Crypto */,
				81E75F0511BE0C5800E6B283 /* NSMutableURLRequest+Parameters.h */,
				81E75F0611BE0C5800E6B283 /* NSMutableURLRequest+Parameters.m */,
				81E75F0711BE0C5800E6B283 /* NSString+URLEncoding.h */,
				81E75F0811BE0C5800E6B283 /* NSString+URLEncoding.m */,
				81E75F0911BE0C5800E6B283 /* NSURL+Base.h */,
				81E75F0A11BE0C5800E6B283 /* NSURL+Base.m */,
				81E75F0B11BE0C5800E6B283 /* OAAsynchronousDataFetcher.h */,
				81E75F0C11BE0C5800E6B283 /* OAAsynchronousDataFetcher.m */,
				81E75F0D11BE0C5800E6B283 /* OAConsumer.h */,
				81E75F0E11BE0C5800E6B283 /* OAConsumer.m */,
				81E75F0F11BE0C5800E6B283 /* OADataFetcher.h */,
				81E75F1011BE0C5800E6B283 /* OADataFetcher.m */,
				81E75F1111BE0C5800E6B283 /* OAHMAC_SHA1SignatureProvider.h */,
				81E75F1211BE0C5800E6B283 /* OAHMAC_SHA1SignatureProvider.m */,
				81E75F1311BE0C5800E6B283 /* OAMutableURLRequest.h */,
				81E75F1411BE0C5800E6B283 /* OAMutableURLRequest.m */,
				81E75F1511BE0C5800E6B283 /* OAPlaintextSignatureProvider.h */,
				81E75F1611BE0C5800E6B283 /* OAPlaintextSignatureProvider.m */,
				81E75F1711BE0C5800E6B283 /* OARequestParameter.h */,
				81E75F1811BE0C5800E6B283 /* OARequestParameter.m */,
				81E75F1911BE0C5800E6B283 /* OAServiceTicket.h */,
				81E75F1A11BE0C5800E6B283 /* OAServiceTicket.m */,
				81E75F1B11BE0C5800E6B283 /* OASignatureProviding.h */,
				81E75F1C11BE0C5800E6B283 /* OAToken.h */,
				81E75F1D11BE0C5800E6B283 /* OAToken.m */,
				8170E45F11C82A7600F4FB15 /* OAToken_KeychainExtensions.h */,
				8170E46011C82A7600F4FB15 /* OAToken_KeychainExtensions.m */,
				81E75F2011BE0C5800E6B283 /* OAuthConsumer.h */,
			);
			path = OAuthConsumer;
			sourceTree = "<group>";
		};
		81E75F0211BE0C5800E6B283 /* Crypto */ = {
			isa = PBXGroup;
			children = (
				81E75F0311BE0C5800E6B283 /* Base64Transcoder.c */,
				81E75F0411BE0C5800E6B283 /* Base64Transcoder.h */,
			);
			path = Crypto;
			sourceTree = "<group>";
		};
/* End PBXGroup section */

/* Begin PBXNativeTarget section */
		1D6058900D05DD3D006BFB54 /* Greenhouse */ = {
			isa = PBXNativeTarget;
			buildConfigurationList = 1D6058960D05DD3E006BFB54 /* Build configuration list for PBXNativeTarget "Greenhouse" */;
			buildPhases = (
				1D60588D0D05DD3D006BFB54 /* Resources */,
				1D60588E0D05DD3D006BFB54 /* Sources */,
				1D60588F0D05DD3D006BFB54 /* Frameworks */,
			);
			buildRules = (
			);
			dependencies = (
			);
			name = Greenhouse;
			productName = Greenhouse;
			productReference = 1D6058910D05DD3D006BFB54 /* Greenhouse.app */;
			productType = "com.apple.product-type.application";
		};
		8104E76211D1606400590E90 /* LogicTests */ = {
			isa = PBXNativeTarget;
			buildConfigurationList = 8104E76711D1606500590E90 /* Build configuration list for PBXNativeTarget "LogicTests" */;
			buildPhases = (
				8104E75E11D1606400590E90 /* Resources */,
				8104E75F11D1606400590E90 /* Sources */,
				8104E76011D1606400590E90 /* Frameworks */,
				8104E76111D1606400590E90 /* ShellScript */,
			);
			buildRules = (
			);
			dependencies = (
			);
			name = LogicTests;
			productName = LogicTests;
			productReference = 8104E76311D1606400590E90 /* LogicTests.octest */;
			productType = "com.apple.product-type.bundle";
		};
		8104E7A411D1646D00590E90 /* GreenhouseTesting */ = {
			isa = PBXNativeTarget;
			buildConfigurationList = 8104E7CF11D1646D00590E90 /* Build configuration list for PBXNativeTarget "GreenhouseTesting" */;
			buildPhases = (
				8104E7A511D1646D00590E90 /* Resources */,
				8104E7AB11D1646D00590E90 /* Sources */,
				8104E7C911D1646D00590E90 /* Frameworks */,
			);
			buildRules = (
			);
			dependencies = (
				8104E7E911D1655700590E90 /* PBXTargetDependency */,
			);
			name = GreenhouseTesting;
			productName = Greenhouse;
			productReference = 8104E7D211D1646D00590E90 /* Greenhouse.app */;
			productType = "com.apple.product-type.application";
		};
		8104E7DC11D164AF00590E90 /* GreenhouseTests */ = {
			isa = PBXNativeTarget;
			buildConfigurationList = 8104E7E111D164AF00590E90 /* Build configuration list for PBXNativeTarget "GreenhouseTests" */;
			buildPhases = (
				8104E7D811D164AF00590E90 /* Resources */,
				8104E7D911D164AF00590E90 /* Sources */,
				8104E7DA11D164AF00590E90 /* Frameworks */,
				8104E7DB11D164AF00590E90 /* ShellScript */,
			);
			buildRules = (
			);
			dependencies = (
			);
			name = GreenhouseTests;
			productName = GreenhouseTests;
			productReference = 8104E7DD11D164AF00590E90 /* GreenhouseTests.octest */;
			productType = "com.apple.product-type.bundle";
		};
/* End PBXNativeTarget section */

/* Begin PBXProject section */
		29B97313FDCFA39411CA2CEA /* Project object */ = {
			isa = PBXProject;
			buildConfigurationList = C01FCF4E08A954540054247B /* Build configuration list for PBXProject "Greenhouse" */;
			compatibilityVersion = "Xcode 3.1";
			hasScannedForEncodings = 1;
			knownRegions = (
				English,
				Japanese,
				French,
				German,
				en,
			);
			mainGroup = 29B97314FDCFA39411CA2CEA /* CustomTemplate */;
			projectDirPath = "";
			projectRoot = "";
			targets = (
				1D6058900D05DD3D006BFB54 /* Greenhouse */,
				8104E7A411D1646D00590E90 /* GreenhouseTesting */,
				8104E76211D1606400590E90 /* LogicTests */,
				8104E7DC11D164AF00590E90 /* GreenhouseTests */,
			);
		};
/* End PBXProject section */

/* Begin PBXResourcesBuildPhase section */
		1D60588D0D05DD3D006BFB54 /* Resources */ = {
			isa = PBXResourcesBuildPhase;
			buildActionMask = 2147483647;
			files = (
				28AD73600D9D9599002E5188 /* MainWindow.xib in Resources */,
				81A34A8011BDF47500B12131 /* ProfileMainViewController.xib in Resources */,
				81E75EDF11BE04D200E6B283 /* AuthorizeViewController.xib in Resources */,
				81AF1C5D11C7FBF200960E9F /* spring09_logo.png in Resources */,
				8122BCED11D00CC300315B6F /* MainViewController.xib in Resources */,
				8153C79311DD04C500F7BDE1 /* UpdatesMainViewController.xib in Resources */,
				817194A111E66F6D007C82B2 /* EventsMainViewController.xib in Resources */,
				8135A08511ECA56C00F0F2F8 /* EventsNavigationViewController.xib in Resources */,
				8135A0C011ECB40400F0F2F8 /* EventDetailsViewController.xib in Resources */,
				8135A0FA11ED236900F0F2F8 /* TweetsViewController.xib in Resources */,
				8138DD2B11F7A30E00D7A47F /* EventSessionDetailsViewController.xib in Resources */,
				8138DD8F11F8836600D7A47F /* EventDescriptionViewController.xib in Resources */,
				8107AA8411FA28E100A59078 /* NewTweetViewController.xib in Resources */,
				81275C2311FE88BC00FF9A80 /* EventSessionDescriptionViewController.xib in Resources */,
				81275C8811FE996600FF9A80 /* spring.png in Resources */,
				81275CB811FE9FD600FF9A80 /* UpdatesNavigationViewController.xib in Resources */,
				819E442211FF1EF400DBC0BB /* EventMapViewController.xib in Resources */,
				81F79FDB1202097300743FFF /* EventSessionsMenuViewController.xib in Resources */,
				81F7A1A41203541100743FFF /* EventSessionsViewController.xib in Resources */,
				8174945012075D69008A9E61 /* EventSessionRateViewController.xib in Resources */,
				81749882120B8617008A9E61 /* t_logo-b.png in Resources */,
				817498AA120BCDB5008A9E61 /* star-empty.png in Resources */,
				817498AB120BCDB5008A9E61 /* star-half.png in Resources */,
				817498AC120BCDB5008A9E61 /* star.png in Resources */,
			);
			runOnlyForDeploymentPostprocessing = 0;
		};
		8104E75E11D1606400590E90 /* Resources */ = {
			isa = PBXResourcesBuildPhase;
			buildActionMask = 2147483647;
			files = (
			);
			runOnlyForDeploymentPostprocessing = 0;
		};
		8104E7A511D1646D00590E90 /* Resources */ = {
			isa = PBXResourcesBuildPhase;
			buildActionMask = 2147483647;
			files = (
				8104E7EC11D1668800590E90 /* GreenhouseTests.octest in Resources */,
				8104E7A611D1646D00590E90 /* MainWindow.xib in Resources */,
				8104E7A711D1646D00590E90 /* ProfileMainViewController.xib in Resources */,
				8104E7A811D1646D00590E90 /* AuthorizeViewController.xib in Resources */,
				8104E7A911D1646D00590E90 /* spring09_logo.png in Resources */,
				8104E7AA11D1646D00590E90 /* MainViewController.xib in Resources */,
			);
			runOnlyForDeploymentPostprocessing = 0;
		};
		8104E7D811D164AF00590E90 /* Resources */ = {
			isa = PBXResourcesBuildPhase;
			buildActionMask = 2147483647;
			files = (
			);
			runOnlyForDeploymentPostprocessing = 0;
		};
/* End PBXResourcesBuildPhase section */

/* Begin PBXShellScriptBuildPhase section */
		8104E76111D1606400590E90 /* ShellScript */ = {
			isa = PBXShellScriptBuildPhase;
			buildActionMask = 2147483647;
			files = (
			);
			inputPaths = (
			);
			outputPaths = (
			);
			runOnlyForDeploymentPostprocessing = 0;
			shellPath = /bin/sh;
			shellScript = "# Run the unit tests in this test bundle.\n\"${SYSTEM_DEVELOPER_DIR}/Tools/RunUnitTests\"\n";
		};
		8104E7DB11D164AF00590E90 /* ShellScript */ = {
			isa = PBXShellScriptBuildPhase;
			buildActionMask = 2147483647;
			files = (
			);
			inputPaths = (
			);
			outputPaths = (
			);
			runOnlyForDeploymentPostprocessing = 0;
			shellPath = /bin/sh;
			shellScript = "# Run the unit tests in this test bundle.\n\"${SYSTEM_DEVELOPER_DIR}/Tools/RunUnitTests\"\n";
		};
/* End PBXShellScriptBuildPhase section */

/* Begin PBXSourcesBuildPhase section */
		1D60588E0D05DD3D006BFB54 /* Sources */ = {
			isa = PBXSourcesBuildPhase;
			buildActionMask = 2147483647;
			files = (
				1D60589B0D05DD56006BFB54 /* main.m in Sources */,
				1D3623260D0F684500981E51 /* GreenhouseAppDelegate.m in Sources */,
				28D3F202112F7DC200FD0661 /* Greenhouse.xcdatamodeld in Sources */,
				815F275111BDF5A300F83095 /* ProfileMainViewController.m in Sources */,
				81E75EDD11BE048700E6B283 /* AuthorizeViewController.m in Sources */,
				81E75EF911BE0A2200E6B283 /* OAuthManager.m in Sources */,
				81E75F2111BE0C5800E6B283 /* Base64Transcoder.c in Sources */,
				81E75F2211BE0C5800E6B283 /* NSMutableURLRequest+Parameters.m in Sources */,
				81E75F2311BE0C5800E6B283 /* NSString+URLEncoding.m in Sources */,
				81E75F2411BE0C5800E6B283 /* NSURL+Base.m in Sources */,
				81E75F2511BE0C5800E6B283 /* OAAsynchronousDataFetcher.m in Sources */,
				81E75F2611BE0C5800E6B283 /* OAConsumer.m in Sources */,
				81E75F2711BE0C5800E6B283 /* OADataFetcher.m in Sources */,
				81E75F2811BE0C5800E6B283 /* OAHMAC_SHA1SignatureProvider.m in Sources */,
				81E75F2911BE0C5800E6B283 /* OAMutableURLRequest.m in Sources */,
				81E75F2A11BE0C5800E6B283 /* OAPlaintextSignatureProvider.m in Sources */,
				81E75F2B11BE0C5800E6B283 /* OARequestParameter.m in Sources */,
				81E75F2C11BE0C5800E6B283 /* OAServiceTicket.m in Sources */,
				81E75F2D11BE0C5800E6B283 /* OAToken.m in Sources */,
				81D4A45111C30692000A71C3 /* Profile.m in Sources */,
				81D4A45E11C30945000A71C3 /* AppSettings.m in Sources */,
				81C38A6E11C679CE00E1659E /* NSObject+SBJSON.m in Sources */,
				81C38A6F11C679CE00E1659E /* NSString+SBJSON.m in Sources */,
				81C38A7011C679CE00E1659E /* SBJSON.m in Sources */,
				81C38A7111C679CE00E1659E /* SBJsonBase.m in Sources */,
				81C38A7211C679CE00E1659E /* SBJsonParser.m in Sources */,
				81C38A7311C679CE00E1659E /* SBJsonWriter.m in Sources */,
				8170E46111C82A7600F4FB15 /* OAToken_KeychainExtensions.m in Sources */,
				8122BCEB11D00A9D00315B6F /* MainViewController.m in Sources */,
				8178A8AD11D9113F0084FA66 /* NSDictionary+Helpers.m in Sources */,
				8153C79611DD052E00F7BDE1 /* UpdatesMainViewController.m in Sources */,
				8153C7BE11DD353700F7BDE1 /* Update.m in Sources */,
				8171938F11E668ED007C82B2 /* EventsMainViewController.m in Sources */,
				8171949311E66AD7007C82B2 /* Event.m in Sources */,
				8135A07F11ECA41200F0F2F8 /* EventDetailsViewController.m in Sources */,
				8135A0FD11ED242B00F0F2F8 /* EventTweetsViewController.m in Sources */,
				8135A10611ED5E5300F0F2F8 /* EventSessionsCurrentViewController.m in Sources */,
				81CC605711EF41E5002BB755 /* Tweet.m in Sources */,
				81B94E4F11F0AD2E003B2117 /* OAuthViewController.m in Sources */,
				8138DC2C11F73EF700D7A47F /* EventSession.m in Sources */,
				8138DC2F11F73FED00D7A47F /* WebDataModelObject.m in Sources */,
				8138DD2911F7A2CA00D7A47F /* EventSessionDetailsViewController.m in Sources */,
				8138DD9411F884D700D7A47F /* EventDescriptionViewController.m in Sources */,
				8138DE7211F8D79600D7A47F /* UIColor+CustomColors.m in Sources */,
				8107AA6211FA032300A59078 /* TweetTableViewCell.m in Sources */,
				8107AA9811FA2BB000A59078 /* NewTweetViewController.m in Sources */,
				81275BE011FE2F1600FF9A80 /* TweetsViewController.m in Sources */,
				81275BEC11FE319600FF9A80 /* EventSessionTweetsViewController.m in Sources */,
				81275C2111FE889500FF9A80 /* EventSessionDescriptionViewController.m in Sources */,
				81275CA911FE9E6B00FF9A80 /* NavigationViewController.m in Sources */,
				819E442011FF1EE300DBC0BB /* EventMapViewController.m in Sources */,
				819E448E11FF2D1000DBC0BB /* EventAnnotation.m in Sources */,
				81F79F461201E47800743FFF /* UINavigationBar+CustomStyle.m in Sources */,
				81F79FD91201FB2600743FFF /* EventSessionsMenuViewController.m in Sources */,
				81F7A11E12030D2D00743FFF /* EventSessionsByDayViewController.m in Sources */,
				8174930C12070884008A9E61 /* EventSessionsFavoritesViewController.m in Sources */,
				817493791207162B008A9E61 /* EventSessionsViewController.m in Sources */,
				8174941A12074F51008A9E61 /* EventSessionsConferenceFavoritesViewController.m in Sources */,
				8174943B120758CB008A9E61 /* EventSessionRateViewController.m in Sources */,
				817494C61207CE3E008A9E61 /* UIToolbar+CustomStyle.m in Sources */,
				817496741209FE04008A9E61 /* TweetProfileImageDownloader.m in Sources */,
				81E61521121329D400451901 /* EventSessionLeader.m in Sources */,
				81E615D41213B7B400451901 /* UITabBar+CustomStyle.m in Sources */,
				81E616011214398700451901 /* WebImageView.m in Sources */,
			);
			runOnlyForDeploymentPostprocessing = 0;
		};
		8104E75F11D1606400590E90 /* Sources */ = {
			isa = PBXSourcesBuildPhase;
			buildActionMask = 2147483647;
			files = (
				81CC5FB111EE6BD1002BB755 /* NSDictionary_HelpersTest.m in Sources */,
				81CC5FE811EE74BC002BB755 /* NSDictionary+Helpers.m in Sources */,
			);
			runOnlyForDeploymentPostprocessing = 0;
		};
		8104E7AB11D1646D00590E90 /* Sources */ = {
			isa = PBXSourcesBuildPhase;
			buildActionMask = 2147483647;
			files = (
				8104E7AC11D1646D00590E90 /* main.m in Sources */,
				8104E7AD11D1646D00590E90 /* GreenhouseAppDelegate.m in Sources */,
				8104E7AE11D1646D00590E90 /* Greenhouse.xcdatamodeld in Sources */,
				8104E7AF11D1646D00590E90 /* ProfileMainViewController.m in Sources */,
				8104E7B011D1646D00590E90 /* AuthorizeViewController.m in Sources */,
				8104E7B111D1646D00590E90 /* OAuthManager.m in Sources */,
				8104E7B211D1646D00590E90 /* Base64Transcoder.c in Sources */,
				8104E7B311D1646D00590E90 /* NSMutableURLRequest+Parameters.m in Sources */,
				8104E7B411D1646D00590E90 /* NSString+URLEncoding.m in Sources */,
				8104E7B511D1646D00590E90 /* NSURL+Base.m in Sources */,
				8104E7B611D1646D00590E90 /* OAAsynchronousDataFetcher.m in Sources */,
				8104E7B711D1646D00590E90 /* OAConsumer.m in Sources */,
				8104E7B811D1646D00590E90 /* OADataFetcher.m in Sources */,
				8104E7B911D1646D00590E90 /* OAHMAC_SHA1SignatureProvider.m in Sources */,
				8104E7BA11D1646D00590E90 /* OAMutableURLRequest.m in Sources */,
				8104E7BB11D1646D00590E90 /* OAPlaintextSignatureProvider.m in Sources */,
				8104E7BC11D1646D00590E90 /* OARequestParameter.m in Sources */,
				8104E7BD11D1646D00590E90 /* OAServiceTicket.m in Sources */,
				8104E7BE11D1646D00590E90 /* OAToken.m in Sources */,
				8104E7BF11D1646D00590E90 /* Profile.m in Sources */,
				8104E7C011D1646D00590E90 /* AppSettings.m in Sources */,
				8104E7C111D1646D00590E90 /* NSObject+SBJSON.m in Sources */,
				8104E7C211D1646D00590E90 /* NSString+SBJSON.m in Sources */,
				8104E7C311D1646D00590E90 /* SBJSON.m in Sources */,
				8104E7C411D1646D00590E90 /* SBJsonBase.m in Sources */,
				8104E7C511D1646D00590E90 /* SBJsonParser.m in Sources */,
				8104E7C611D1646D00590E90 /* SBJsonWriter.m in Sources */,
				8104E7C711D1646D00590E90 /* OAToken_KeychainExtensions.m in Sources */,
				8104E7C811D1646D00590E90 /* MainViewController.m in Sources */,
				8171939011E66910007C82B2 /* UpdatesMainViewController.m in Sources */,
			);
			runOnlyForDeploymentPostprocessing = 0;
		};
		8104E7D911D164AF00590E90 /* Sources */ = {
			isa = PBXSourcesBuildPhase;
			buildActionMask = 2147483647;
			files = (
				8104E7F611D167AA00590E90 /* ApplicationTestSuite1.m in Sources */,
			);
			runOnlyForDeploymentPostprocessing = 0;
		};
/* End PBXSourcesBuildPhase section */

/* Begin PBXTargetDependency section */
		8104E7E911D1655700590E90 /* PBXTargetDependency */ = {
			isa = PBXTargetDependency;
			target = 8104E7DC11D164AF00590E90 /* GreenhouseTests */;
			targetProxy = 8104E7E811D1655700590E90 /* PBXContainerItemProxy */;
		};
/* End PBXTargetDependency section */

/* Begin XCBuildConfiguration section */
		1D6058940D05DD3E006BFB54 /* Debug */ = {
			isa = XCBuildConfiguration;
			buildSettings = {
				ALWAYS_SEARCH_USER_PATHS = NO;
				COPY_PHASE_STRIP = NO;
				GCC_DYNAMIC_NO_PIC = NO;
				GCC_OPTIMIZATION_LEVEL = 0;
				GCC_PRECOMPILE_PREFIX_HEADER = YES;
				GCC_PREFIX_HEADER = Greenhouse_Prefix.pch;
				INFOPLIST_FILE = "Greenhouse-Info.plist";
				PRODUCT_NAME = Greenhouse;
				RUN_CLANG_STATIC_ANALYZER = YES;
			};
			name = Debug;
		};
		1D6058950D05DD3E006BFB54 /* Release */ = {
			isa = XCBuildConfiguration;
			buildSettings = {
				ALWAYS_SEARCH_USER_PATHS = NO;
				COPY_PHASE_STRIP = YES;
				GCC_PRECOMPILE_PREFIX_HEADER = YES;
				GCC_PREFIX_HEADER = Greenhouse_Prefix.pch;
				INFOPLIST_FILE = "Greenhouse-Info.plist";
				PRODUCT_NAME = Greenhouse;
				RUN_CLANG_STATIC_ANALYZER = YES;
				VALIDATE_PRODUCT = YES;
			};
			name = Release;
		};
		8104E76511D1606500590E90 /* Debug */ = {
			isa = XCBuildConfiguration;
			buildSettings = {
				ALWAYS_SEARCH_USER_PATHS = NO;
				"CODE_SIGN_IDENTITY[sdk=iphoneos*]" = "";
				COPY_PHASE_STRIP = NO;
				FRAMEWORK_SEARCH_PATHS = (
					"\"$(SDKROOT)/Developer/Library/Frameworks\"",
					"\"$(DEVELOPER_LIBRARY_DIR)/Frameworks\"",
				);
				GCC_DYNAMIC_NO_PIC = NO;
				GCC_ENABLE_FIX_AND_CONTINUE = NO;
				GCC_ENABLE_OBJC_EXCEPTIONS = YES;
				GCC_OPTIMIZATION_LEVEL = 0;
				INFOPLIST_FILE = "LogicTests-Info.plist";
				OTHER_LDFLAGS = (
					"-framework",
					Foundation,
					"-framework",
					SenTestingKit,
					"-framework",
					UIKit,
				);
				PREBINDING = NO;
				PRODUCT_NAME = LogicTests;
				WRAPPER_EXTENSION = octest;
			};
			name = Debug;
		};
		8104E76611D1606500590E90 /* Release */ = {
			isa = XCBuildConfiguration;
			buildSettings = {
				ALWAYS_SEARCH_USER_PATHS = NO;
				"CODE_SIGN_IDENTITY[sdk=iphoneos*]" = "";
				COPY_PHASE_STRIP = YES;
				DEBUG_INFORMATION_FORMAT = "dwarf-with-dsym";
				FRAMEWORK_SEARCH_PATHS = (
					"\"$(SDKROOT)/Developer/Library/Frameworks\"",
					"\"$(DEVELOPER_LIBRARY_DIR)/Frameworks\"",
				);
				GCC_ENABLE_FIX_AND_CONTINUE = NO;
				GCC_ENABLE_OBJC_EXCEPTIONS = YES;
				INFOPLIST_FILE = "LogicTests-Info.plist";
				OTHER_LDFLAGS = (
					"-framework",
					Foundation,
					"-framework",
					SenTestingKit,
					"-framework",
					UIKit,
				);
				PREBINDING = NO;
				PRODUCT_NAME = LogicTests;
				WRAPPER_EXTENSION = octest;
				ZERO_LINK = NO;
			};
			name = Release;
		};
		8104E7D011D1646D00590E90 /* Debug */ = {
			isa = XCBuildConfiguration;
			buildSettings = {
				ALWAYS_SEARCH_USER_PATHS = NO;
				COPY_PHASE_STRIP = NO;
				GCC_DYNAMIC_NO_PIC = NO;
				GCC_OPTIMIZATION_LEVEL = 0;
				GCC_PRECOMPILE_PREFIX_HEADER = YES;
				GCC_PREFIX_HEADER = Greenhouse_Prefix.pch;
				INFOPLIST_FILE = "GreenhouseTesting-Info.plist";
				PRODUCT_NAME = Greenhouse;
				RUN_CLANG_STATIC_ANALYZER = YES;
			};
			name = Debug;
		};
		8104E7D111D1646D00590E90 /* Release */ = {
			isa = XCBuildConfiguration;
			buildSettings = {
				ALWAYS_SEARCH_USER_PATHS = NO;
				COPY_PHASE_STRIP = YES;
				GCC_PRECOMPILE_PREFIX_HEADER = YES;
				GCC_PREFIX_HEADER = Greenhouse_Prefix.pch;
				INFOPLIST_FILE = "GreenhouseTesting-Info.plist";
				PRODUCT_NAME = Greenhouse;
				RUN_CLANG_STATIC_ANALYZER = YES;
				VALIDATE_PRODUCT = YES;
			};
			name = Release;
		};
		8104E7DF11D164AF00590E90 /* Debug */ = {
			isa = XCBuildConfiguration;
			buildSettings = {
				ALWAYS_SEARCH_USER_PATHS = NO;
				"CODE_SIGN_IDENTITY[sdk=iphoneos*]" = "";
				COPY_PHASE_STRIP = NO;
				FRAMEWORK_SEARCH_PATHS = (
					"\"$(SDKROOT)/Developer/Library/Frameworks\"",
					"\"$(DEVELOPER_LIBRARY_DIR)/Frameworks\"",
				);
				GCC_DYNAMIC_NO_PIC = NO;
				GCC_ENABLE_FIX_AND_CONTINUE = NO;
				GCC_ENABLE_OBJC_EXCEPTIONS = YES;
				GCC_OPTIMIZATION_LEVEL = 0;
				INFOPLIST_FILE = "GreenhouseTests-Info.plist";
				OTHER_LDFLAGS = (
					"-framework",
					Foundation,
					"-framework",
					SenTestingKit,
					"-framework",
					UIKit,
				);
				PREBINDING = NO;
				PRODUCT_NAME = GreenhouseTests;
				WRAPPER_EXTENSION = octest;
			};
			name = Debug;
		};
		8104E7E011D164AF00590E90 /* Release */ = {
			isa = XCBuildConfiguration;
			buildSettings = {
				ALWAYS_SEARCH_USER_PATHS = NO;
				"CODE_SIGN_IDENTITY[sdk=iphoneos*]" = "";
				COPY_PHASE_STRIP = YES;
				DEBUG_INFORMATION_FORMAT = "dwarf-with-dsym";
				FRAMEWORK_SEARCH_PATHS = (
					"\"$(SDKROOT)/Developer/Library/Frameworks\"",
					"\"$(DEVELOPER_LIBRARY_DIR)/Frameworks\"",
				);
				GCC_ENABLE_FIX_AND_CONTINUE = NO;
				GCC_ENABLE_OBJC_EXCEPTIONS = YES;
				INFOPLIST_FILE = "GreenhouseTests-Info.plist";
				OTHER_LDFLAGS = (
					"-framework",
					Foundation,
					"-framework",
					SenTestingKit,
					"-framework",
					UIKit,
				);
				PREBINDING = NO;
				PRODUCT_NAME = GreenhouseTests;
				WRAPPER_EXTENSION = octest;
				ZERO_LINK = NO;
			};
			name = Release;
		};
		C01FCF4F08A954540054247B /* Debug */ = {
			isa = XCBuildConfiguration;
			buildSettings = {
				ARCHS = "$(ARCHS_STANDARD_32_BIT)";
				"CODE_SIGN_IDENTITY[sdk=iphoneos*]" = "iPhone Developer";
				GCC_C_LANGUAGE_STANDARD = c99;
				GCC_PREPROCESSOR_DEFINITIONS = "DEBUG=1";
				GCC_WARN_ABOUT_RETURN_TYPE = YES;
				GCC_WARN_UNUSED_VARIABLE = YES;
				IPHONEOS_DEPLOYMENT_TARGET = 3.1.3;
				PREBINDING = NO;
				SDKROOT = iphoneos4.0;
			};
			name = Debug;
		};
		C01FCF5008A954540054247B /* Release */ = {
			isa = XCBuildConfiguration;
			buildSettings = {
				ARCHS = "$(ARCHS_STANDARD_32_BIT)";
				"CODE_SIGN_IDENTITY[sdk=iphoneos*]" = "iPhone Developer";
				GCC_C_LANGUAGE_STANDARD = c99;
				GCC_WARN_ABOUT_RETURN_TYPE = YES;
				GCC_WARN_UNUSED_VARIABLE = YES;
				IPHONEOS_DEPLOYMENT_TARGET = 3.1.3;
				OTHER_CFLAGS = "-DNS_BLOCK_ASSERTIONS=1";
				PREBINDING = NO;
				SDKROOT = iphoneos4.0;
			};
			name = Release;
		};
/* End XCBuildConfiguration section */

/* Begin XCConfigurationList section */
		1D6058960D05DD3E006BFB54 /* Build configuration list for PBXNativeTarget "Greenhouse" */ = {
			isa = XCConfigurationList;
			buildConfigurations = (
				1D6058940D05DD3E006BFB54 /* Debug */,
				1D6058950D05DD3E006BFB54 /* Release */,
			);
			defaultConfigurationIsVisible = 0;
			defaultConfigurationName = Release;
		};
		8104E76711D1606500590E90 /* Build configuration list for PBXNativeTarget "LogicTests" */ = {
			isa = XCConfigurationList;
			buildConfigurations = (
				8104E76511D1606500590E90 /* Debug */,
				8104E76611D1606500590E90 /* Release */,
			);
			defaultConfigurationIsVisible = 0;
			defaultConfigurationName = Release;
		};
		8104E7CF11D1646D00590E90 /* Build configuration list for PBXNativeTarget "GreenhouseTesting" */ = {
			isa = XCConfigurationList;
			buildConfigurations = (
				8104E7D011D1646D00590E90 /* Debug */,
				8104E7D111D1646D00590E90 /* Release */,
			);
			defaultConfigurationIsVisible = 0;
			defaultConfigurationName = Release;
		};
		8104E7E111D164AF00590E90 /* Build configuration list for PBXNativeTarget "GreenhouseTests" */ = {
			isa = XCConfigurationList;
			buildConfigurations = (
				8104E7DF11D164AF00590E90 /* Debug */,
				8104E7E011D164AF00590E90 /* Release */,
			);
			defaultConfigurationIsVisible = 0;
			defaultConfigurationName = Release;
		};
		C01FCF4E08A954540054247B /* Build configuration list for PBXProject "Greenhouse" */ = {
			isa = XCConfigurationList;
			buildConfigurations = (
				C01FCF4F08A954540054247B /* Debug */,
				C01FCF5008A954540054247B /* Release */,
			);
			defaultConfigurationIsVisible = 0;
			defaultConfigurationName = Release;
		};
/* End XCConfigurationList section */

/* Begin XCVersionGroup section */
		28D3F201112F7DC200FD0661 /* Greenhouse.xcdatamodeld */ = {
			isa = XCVersionGroup;
			children = (
				28860B760F44E54D00985440 /* Greenhouse.xcdatamodel */,
			);
			currentVersion = 28860B760F44E54D00985440 /* Greenhouse.xcdatamodel */;
			path = Greenhouse.xcdatamodeld;
			sourceTree = "<group>";
			versionGroupType = wrapper.xcdatamodel;
		};
/* End XCVersionGroup section */
	};
	rootObject = 29B97313FDCFA39411CA2CEA /* Project object */;
}
