// !$*UTF8*$!
{
	archiveVersion = 1;
	classes = {
	};
	objectVersion = 45;
	objects = {

/* Begin PBXBuildFile section */
		1D3623260D0F684500981E51 /* GreenhouseAppDelegate.m in Sources */ = {isa = PBXBuildFile; fileRef = 1D3623250D0F684500981E51 /* GreenhouseAppDelegate.m */; };
		1D60589B0D05DD56006BFB54 /* main.m in Sources */ = {isa = PBXBuildFile; fileRef = 29B97316FDCFA39411CA2CEA /* main.m */; };
		1D60589F0D05DD5A006BFB54 /* Foundation.framework in Frameworks */ = {isa = PBXBuildFile; fileRef = 1D30AB110D05D00D00671497 /* Foundation.framework */; };
		1DF5F4E00D08C38300B7A737 /* UIKit.framework in Frameworks */ = {isa = PBXBuildFile; fileRef = 1DF5F4DF0D08C38300B7A737 /* UIKit.framework */; };
		28860BE50F44EE6400985440 /* CoreData.framework in Frameworks */ = {isa = PBXBuildFile; fileRef = 28860BE40F44EE6400985440 /* CoreData.framework */; };
		2892E4100DC94CBA00A64D0F /* CoreGraphics.framework in Frameworks */ = {isa = PBXBuildFile; fileRef = 2892E40F0DC94CBA00A64D0F /* CoreGraphics.framework */; };
		28AD73600D9D9599002E5188 /* MainWindow.xib in Resources */ = {isa = PBXBuildFile; fileRef = 28AD735F0D9D9599002E5188 /* MainWindow.xib */; };
		28D3F202112F7DC200FD0661 /* Greenhouse.xcdatamodeld in Sources */ = {isa = PBXBuildFile; fileRef = 28D3F201112F7DC200FD0661 /* Greenhouse.xcdatamodeld */; };
		815F275111BDF5A300F83095 /* ProfileMainViewController.m in Sources */ = {isa = PBXBuildFile; fileRef = 815F275011BDF5A300F83095 /* ProfileMainViewController.m */; };
		8170E46111C82A7600F4FB15 /* OAToken_KeychainExtensions.m in Sources */ = {isa = PBXBuildFile; fileRef = 8170E46011C82A7600F4FB15 /* OAToken_KeychainExtensions.m */; };
		81A34A8011BDF47500B12131 /* ProfileMainViewController.xib in Resources */ = {isa = PBXBuildFile; fileRef = 81A34A7F11BDF47500B12131 /* ProfileMainViewController.xib */; };
		81AF1C5D11C7FBF200960E9F /* spring09_logo.png in Resources */ = {isa = PBXBuildFile; fileRef = 81AF1C5C11C7FBF200960E9F /* spring09_logo.png */; };
		81C38A6E11C679CE00E1659E /* NSObject+SBJSON.m in Sources */ = {isa = PBXBuildFile; fileRef = 81C38A6311C679CE00E1659E /* NSObject+SBJSON.m */; };
		81C38A6F11C679CE00E1659E /* NSString+SBJSON.m in Sources */ = {isa = PBXBuildFile; fileRef = 81C38A6511C679CE00E1659E /* NSString+SBJSON.m */; };
		81C38A7011C679CE00E1659E /* SBJSON.m in Sources */ = {isa = PBXBuildFile; fileRef = 81C38A6711C679CE00E1659E /* SBJSON.m */; };
		81C38A7111C679CE00E1659E /* SBJsonBase.m in Sources */ = {isa = PBXBuildFile; fileRef = 81C38A6911C679CE00E1659E /* SBJsonBase.m */; };
		81C38A7211C679CE00E1659E /* SBJsonParser.m in Sources */ = {isa = PBXBuildFile; fileRef = 81C38A6B11C679CE00E1659E /* SBJsonParser.m */; };
		81C38A7311C679CE00E1659E /* SBJsonWriter.m in Sources */ = {isa = PBXBuildFile; fileRef = 81C38A6D11C679CE00E1659E /* SBJsonWriter.m */; };
		81D4A45111C30692000A71C3 /* Person.m in Sources */ = {isa = PBXBuildFile; fileRef = 81D4A45011C30692000A71C3 /* Person.m */; };
		81D4A45E11C30945000A71C3 /* AppSettings.m in Sources */ = {isa = PBXBuildFile; fileRef = 81D4A45D11C30945000A71C3 /* AppSettings.m */; };
		81D8B88E11C1A60400E62659 /* Settings.bundle in Resources */ = {isa = PBXBuildFile; fileRef = 81D8B88D11C1A60400E62659 /* Settings.bundle */; };
		81E75EDD11BE048700E6B283 /* AuthorizeViewController.m in Sources */ = {isa = PBXBuildFile; fileRef = 81E75EDC11BE048700E6B283 /* AuthorizeViewController.m */; };
		81E75EDF11BE04D200E6B283 /* AuthorizeViewController.xib in Resources */ = {isa = PBXBuildFile; fileRef = 81E75EDE11BE04D200E6B283 /* AuthorizeViewController.xib */; };
		81E75EF911BE0A2200E6B283 /* OAuthManager.m in Sources */ = {isa = PBXBuildFile; fileRef = 81E75EF811BE0A2200E6B283 /* OAuthManager.m */; };
		81E75F2111BE0C5800E6B283 /* Base64Transcoder.c in Sources */ = {isa = PBXBuildFile; fileRef = 81E75F0311BE0C5800E6B283 /* Base64Transcoder.c */; };
		81E75F2211BE0C5800E6B283 /* NSMutableURLRequest+Parameters.m in Sources */ = {isa = PBXBuildFile; fileRef = 81E75F0611BE0C5800E6B283 /* NSMutableURLRequest+Parameters.m */; };
		81E75F2311BE0C5800E6B283 /* NSString+URLEncoding.m in Sources */ = {isa = PBXBuildFile; fileRef = 81E75F0811BE0C5800E6B283 /* NSString+URLEncoding.m */; };
		81E75F2411BE0C5800E6B283 /* NSURL+Base.m in Sources */ = {isa = PBXBuildFile; fileRef = 81E75F0A11BE0C5800E6B283 /* NSURL+Base.m */; };
		81E75F2511BE0C5800E6B283 /* OAAsynchronousDataFetcher.m in Sources */ = {isa = PBXBuildFile; fileRef = 81E75F0C11BE0C5800E6B283 /* OAAsynchronousDataFetcher.m */; };
		81E75F2611BE0C5800E6B283 /* OAConsumer.m in Sources */ = {isa = PBXBuildFile; fileRef = 81E75F0E11BE0C5800E6B283 /* OAConsumer.m */; };
		81E75F2711BE0C5800E6B283 /* OADataFetcher.m in Sources */ = {isa = PBXBuildFile; fileRef = 81E75F1011BE0C5800E6B283 /* OADataFetcher.m */; };
		81E75F2811BE0C5800E6B283 /* OAHMAC_SHA1SignatureProvider.m in Sources */ = {isa = PBXBuildFile; fileRef = 81E75F1211BE0C5800E6B283 /* OAHMAC_SHA1SignatureProvider.m */; };
		81E75F2911BE0C5800E6B283 /* OAMutableURLRequest.m in Sources */ = {isa = PBXBuildFile; fileRef = 81E75F1411BE0C5800E6B283 /* OAMutableURLRequest.m */; };
		81E75F2A11BE0C5800E6B283 /* OAPlaintextSignatureProvider.m in Sources */ = {isa = PBXBuildFile; fileRef = 81E75F1611BE0C5800E6B283 /* OAPlaintextSignatureProvider.m */; };
		81E75F2B11BE0C5800E6B283 /* OARequestParameter.m in Sources */ = {isa = PBXBuildFile; fileRef = 81E75F1811BE0C5800E6B283 /* OARequestParameter.m */; };
		81E75F2C11BE0C5800E6B283 /* OAServiceTicket.m in Sources */ = {isa = PBXBuildFile; fileRef = 81E75F1A11BE0C5800E6B283 /* OAServiceTicket.m */; };
		81E75F2D11BE0C5800E6B283 /* OAToken.m in Sources */ = {isa = PBXBuildFile; fileRef = 81E75F1D11BE0C5800E6B283 /* OAToken.m */; };
		81E75F3A11BE0D5800E6B283 /* Security.framework in Frameworks */ = {isa = PBXBuildFile; fileRef = 81E75F3911BE0D5800E6B283 /* Security.framework */; };
/* End PBXBuildFile section */

/* Begin PBXFileReference section */
		1D30AB110D05D00D00671497 /* Foundation.framework */ = {isa = PBXFileReference; lastKnownFileType = wrapper.framework; name = Foundation.framework; path = System/Library/Frameworks/Foundation.framework; sourceTree = SDKROOT; };
		1D3623240D0F684500981E51 /* GreenhouseAppDelegate.h */ = {isa = PBXFileReference; fileEncoding = 4; lastKnownFileType = sourcecode.c.h; path = GreenhouseAppDelegate.h; sourceTree = "<group>"; };
		1D3623250D0F684500981E51 /* GreenhouseAppDelegate.m */ = {isa = PBXFileReference; fileEncoding = 4; lastKnownFileType = sourcecode.c.objc; path = GreenhouseAppDelegate.m; sourceTree = "<group>"; };
		1D6058910D05DD3D006BFB54 /* Greenhouse.app */ = {isa = PBXFileReference; explicitFileType = wrapper.application; includeInIndex = 0; path = Greenhouse.app; sourceTree = BUILT_PRODUCTS_DIR; };
		1DF5F4DF0D08C38300B7A737 /* UIKit.framework */ = {isa = PBXFileReference; lastKnownFileType = wrapper.framework; name = UIKit.framework; path = System/Library/Frameworks/UIKit.framework; sourceTree = SDKROOT; };
		28860B760F44E54D00985440 /* Greenhouse.xcdatamodel */ = {isa = PBXFileReference; fileEncoding = 4; lastKnownFileType = wrapper.xcdatamodel; path = Greenhouse.xcdatamodel; sourceTree = "<group>"; };
		28860BE40F44EE6400985440 /* CoreData.framework */ = {isa = PBXFileReference; lastKnownFileType = wrapper.framework; name = CoreData.framework; path = System/Library/Frameworks/CoreData.framework; sourceTree = SDKROOT; };
		2892E40F0DC94CBA00A64D0F /* CoreGraphics.framework */ = {isa = PBXFileReference; lastKnownFileType = wrapper.framework; name = CoreGraphics.framework; path = System/Library/Frameworks/CoreGraphics.framework; sourceTree = SDKROOT; };
		28A0AAE50D9B0CCF005BE974 /* Greenhouse_Prefix.pch */ = {isa = PBXFileReference; fileEncoding = 4; lastKnownFileType = sourcecode.c.h; path = Greenhouse_Prefix.pch; sourceTree = "<group>"; };
		28AD735F0D9D9599002E5188 /* MainWindow.xib */ = {isa = PBXFileReference; lastKnownFileType = file.xib; path = MainWindow.xib; sourceTree = "<group>"; };
		29B97316FDCFA39411CA2CEA /* main.m */ = {isa = PBXFileReference; fileEncoding = 4; lastKnownFileType = sourcecode.c.objc; path = main.m; sourceTree = "<group>"; };
		811F5DEF11C6DEFF005BD43E /* Constants.h */ = {isa = PBXFileReference; fileEncoding = 4; lastKnownFileType = sourcecode.c.h; path = Constants.h; sourceTree = "<group>"; };
		815F274F11BDF5A300F83095 /* ProfileMainViewController.h */ = {isa = PBXFileReference; fileEncoding = 4; lastKnownFileType = sourcecode.c.h; path = ProfileMainViewController.h; sourceTree = "<group>"; };
		815F275011BDF5A300F83095 /* ProfileMainViewController.m */ = {isa = PBXFileReference; fileEncoding = 4; lastKnownFileType = sourcecode.c.objc; path = ProfileMainViewController.m; sourceTree = "<group>"; };
		8170E45F11C82A7600F4FB15 /* OAToken_KeychainExtensions.h */ = {isa = PBXFileReference; fileEncoding = 4; lastKnownFileType = sourcecode.c.h; path = OAToken_KeychainExtensions.h; sourceTree = "<group>"; };
		8170E46011C82A7600F4FB15 /* OAToken_KeychainExtensions.m */ = {isa = PBXFileReference; fileEncoding = 4; lastKnownFileType = sourcecode.c.objc; path = OAToken_KeychainExtensions.m; sourceTree = "<group>"; };
		81A34A7F11BDF47500B12131 /* ProfileMainViewController.xib */ = {isa = PBXFileReference; lastKnownFileType = file.xib; path = ProfileMainViewController.xib; sourceTree = "<group>"; };
		81AF1C5C11C7FBF200960E9F /* spring09_logo.png */ = {isa = PBXFileReference; lastKnownFileType = image.png; path = spring09_logo.png; sourceTree = "<group>"; };
		81C38A6111C679CE00E1659E /* JSON.h */ = {isa = PBXFileReference; fileEncoding = 4; lastKnownFileType = sourcecode.c.h; path = JSON.h; sourceTree = "<group>"; };
		81C38A6211C679CE00E1659E /* NSObject+SBJSON.h */ = {isa = PBXFileReference; fileEncoding = 4; lastKnownFileType = sourcecode.c.h; path = "NSObject+SBJSON.h"; sourceTree = "<group>"; };
		81C38A6311C679CE00E1659E /* NSObject+SBJSON.m */ = {isa = PBXFileReference; fileEncoding = 4; lastKnownFileType = sourcecode.c.objc; path = "NSObject+SBJSON.m"; sourceTree = "<group>"; };
		81C38A6411C679CE00E1659E /* NSString+SBJSON.h */ = {isa = PBXFileReference; fileEncoding = 4; lastKnownFileType = sourcecode.c.h; path = "NSString+SBJSON.h"; sourceTree = "<group>"; };
		81C38A6511C679CE00E1659E /* NSString+SBJSON.m */ = {isa = PBXFileReference; fileEncoding = 4; lastKnownFileType = sourcecode.c.objc; path = "NSString+SBJSON.m"; sourceTree = "<group>"; };
		81C38A6611C679CE00E1659E /* SBJSON.h */ = {isa = PBXFileReference; fileEncoding = 4; lastKnownFileType = sourcecode.c.h; path = SBJSON.h; sourceTree = "<group>"; };
		81C38A6711C679CE00E1659E /* SBJSON.m */ = {isa = PBXFileReference; fileEncoding = 4; lastKnownFileType = sourcecode.c.objc; path = SBJSON.m; sourceTree = "<group>"; };
		81C38A6811C679CE00E1659E /* SBJsonBase.h */ = {isa = PBXFileReference; fileEncoding = 4; lastKnownFileType = sourcecode.c.h; path = SBJsonBase.h; sourceTree = "<group>"; };
		81C38A6911C679CE00E1659E /* SBJsonBase.m */ = {isa = PBXFileReference; fileEncoding = 4; lastKnownFileType = sourcecode.c.objc; path = SBJsonBase.m; sourceTree = "<group>"; };
		81C38A6A11C679CE00E1659E /* SBJsonParser.h */ = {isa = PBXFileReference; fileEncoding = 4; lastKnownFileType = sourcecode.c.h; path = SBJsonParser.h; sourceTree = "<group>"; };
		81C38A6B11C679CE00E1659E /* SBJsonParser.m */ = {isa = PBXFileReference; fileEncoding = 4; lastKnownFileType = sourcecode.c.objc; path = SBJsonParser.m; sourceTree = "<group>"; };
		81C38A6C11C679CE00E1659E /* SBJsonWriter.h */ = {isa = PBXFileReference; fileEncoding = 4; lastKnownFileType = sourcecode.c.h; path = SBJsonWriter.h; sourceTree = "<group>"; };
		81C38A6D11C679CE00E1659E /* SBJsonWriter.m */ = {isa = PBXFileReference; fileEncoding = 4; lastKnownFileType = sourcecode.c.objc; path = SBJsonWriter.m; sourceTree = "<group>"; };
		81D4A44F11C30692000A71C3 /* Person.h */ = {isa = PBXFileReference; fileEncoding = 4; lastKnownFileType = sourcecode.c.h; path = Person.h; sourceTree = "<group>"; };
		81D4A45011C30692000A71C3 /* Person.m */ = {isa = PBXFileReference; fileEncoding = 4; lastKnownFileType = sourcecode.c.objc; path = Person.m; sourceTree = "<group>"; };
		81D4A45C11C30945000A71C3 /* AppSettings.h */ = {isa = PBXFileReference; fileEncoding = 4; lastKnownFileType = sourcecode.c.h; path = AppSettings.h; sourceTree = "<group>"; };
		81D4A45D11C30945000A71C3 /* AppSettings.m */ = {isa = PBXFileReference; fileEncoding = 4; lastKnownFileType = sourcecode.c.objc; path = AppSettings.m; sourceTree = "<group>"; };
		81D8B88D11C1A60400E62659 /* Settings.bundle */ = {isa = PBXFileReference; lastKnownFileType = "wrapper.plug-in"; path = Settings.bundle; sourceTree = "<group>"; };
		81E75EDB11BE048700E6B283 /* AuthorizeViewController.h */ = {isa = PBXFileReference; fileEncoding = 4; lastKnownFileType = sourcecode.c.h; path = AuthorizeViewController.h; sourceTree = "<group>"; };
		81E75EDC11BE048700E6B283 /* AuthorizeViewController.m */ = {isa = PBXFileReference; fileEncoding = 4; lastKnownFileType = sourcecode.c.objc; path = AuthorizeViewController.m; sourceTree = "<group>"; };
		81E75EDE11BE04D200E6B283 /* AuthorizeViewController.xib */ = {isa = PBXFileReference; lastKnownFileType = file.xib; path = AuthorizeViewController.xib; sourceTree = "<group>"; };
		81E75EF711BE0A2100E6B283 /* OAuthManager.h */ = {isa = PBXFileReference; fileEncoding = 4; lastKnownFileType = sourcecode.c.h; path = OAuthManager.h; sourceTree = "<group>"; };
		81E75EF811BE0A2200E6B283 /* OAuthManager.m */ = {isa = PBXFileReference; fileEncoding = 4; lastKnownFileType = sourcecode.c.objc; path = OAuthManager.m; sourceTree = "<group>"; };
		81E75F0311BE0C5800E6B283 /* Base64Transcoder.c */ = {isa = PBXFileReference; fileEncoding = 4; lastKnownFileType = sourcecode.c.c; path = Base64Transcoder.c; sourceTree = "<group>"; };
		81E75F0411BE0C5800E6B283 /* Base64Transcoder.h */ = {isa = PBXFileReference; fileEncoding = 4; lastKnownFileType = sourcecode.c.h; path = Base64Transcoder.h; sourceTree = "<group>"; };
		81E75F0511BE0C5800E6B283 /* NSMutableURLRequest+Parameters.h */ = {isa = PBXFileReference; fileEncoding = 4; lastKnownFileType = sourcecode.c.h; path = "NSMutableURLRequest+Parameters.h"; sourceTree = "<group>"; };
		81E75F0611BE0C5800E6B283 /* NSMutableURLRequest+Parameters.m */ = {isa = PBXFileReference; fileEncoding = 4; lastKnownFileType = sourcecode.c.objc; path = "NSMutableURLRequest+Parameters.m"; sourceTree = "<group>"; };
		81E75F0711BE0C5800E6B283 /* NSString+URLEncoding.h */ = {isa = PBXFileReference; fileEncoding = 4; lastKnownFileType = sourcecode.c.h; path = "NSString+URLEncoding.h"; sourceTree = "<group>"; };
		81E75F0811BE0C5800E6B283 /* NSString+URLEncoding.m */ = {isa = PBXFileReference; fileEncoding = 4; lastKnownFileType = sourcecode.c.objc; path = "NSString+URLEncoding.m"; sourceTree = "<group>"; };
		81E75F0911BE0C5800E6B283 /* NSURL+Base.h */ = {isa = PBXFileReference; fileEncoding = 4; lastKnownFileType = sourcecode.c.h; path = "NSURL+Base.h"; sourceTree = "<group>"; };
		81E75F0A11BE0C5800E6B283 /* NSURL+Base.m */ = {isa = PBXFileReference; fileEncoding = 4; lastKnownFileType = sourcecode.c.objc; path = "NSURL+Base.m"; sourceTree = "<group>"; };
		81E75F0B11BE0C5800E6B283 /* OAAsynchronousDataFetcher.h */ = {isa = PBXFileReference; fileEncoding = 4; lastKnownFileType = sourcecode.c.h; path = OAAsynchronousDataFetcher.h; sourceTree = "<group>"; };
		81E75F0C11BE0C5800E6B283 /* OAAsynchronousDataFetcher.m */ = {isa = PBXFileReference; fileEncoding = 4; lastKnownFileType = sourcecode.c.objc; path = OAAsynchronousDataFetcher.m; sourceTree = "<group>"; };
		81E75F0D11BE0C5800E6B283 /* OAConsumer.h */ = {isa = PBXFileReference; fileEncoding = 4; lastKnownFileType = sourcecode.c.h; path = OAConsumer.h; sourceTree = "<group>"; };
		81E75F0E11BE0C5800E6B283 /* OAConsumer.m */ = {isa = PBXFileReference; fileEncoding = 4; lastKnownFileType = sourcecode.c.objc; path = OAConsumer.m; sourceTree = "<group>"; };
		81E75F0F11BE0C5800E6B283 /* OADataFetcher.h */ = {isa = PBXFileReference; fileEncoding = 4; lastKnownFileType = sourcecode.c.h; path = OADataFetcher.h; sourceTree = "<group>"; };
		81E75F1011BE0C5800E6B283 /* OADataFetcher.m */ = {isa = PBXFileReference; fileEncoding = 4; lastKnownFileType = sourcecode.c.objc; path = OADataFetcher.m; sourceTree = "<group>"; };
		81E75F1111BE0C5800E6B283 /* OAHMAC_SHA1SignatureProvider.h */ = {isa = PBXFileReference; fileEncoding = 4; lastKnownFileType = sourcecode.c.h; path = OAHMAC_SHA1SignatureProvider.h; sourceTree = "<group>"; };
		81E75F1211BE0C5800E6B283 /* OAHMAC_SHA1SignatureProvider.m */ = {isa = PBXFileReference; fileEncoding = 4; lastKnownFileType = sourcecode.c.objc; path = OAHMAC_SHA1SignatureProvider.m; sourceTree = "<group>"; };
		81E75F1311BE0C5800E6B283 /* OAMutableURLRequest.h */ = {isa = PBXFileReference; fileEncoding = 4; lastKnownFileType = sourcecode.c.h; path = OAMutableURLRequest.h; sourceTree = "<group>"; };
		81E75F1411BE0C5800E6B283 /* OAMutableURLRequest.m */ = {isa = PBXFileReference; fileEncoding = 4; lastKnownFileType = sourcecode.c.objc; path = OAMutableURLRequest.m; sourceTree = "<group>"; };
		81E75F1511BE0C5800E6B283 /* OAPlaintextSignatureProvider.h */ = {isa = PBXFileReference; fileEncoding = 4; lastKnownFileType = sourcecode.c.h; path = OAPlaintextSignatureProvider.h; sourceTree = "<group>"; };
		81E75F1611BE0C5800E6B283 /* OAPlaintextSignatureProvider.m */ = {isa = PBXFileReference; fileEncoding = 4; lastKnownFileType = sourcecode.c.objc; path = OAPlaintextSignatureProvider.m; sourceTree = "<group>"; };
		81E75F1711BE0C5800E6B283 /* OARequestParameter.h */ = {isa = PBXFileReference; fileEncoding = 4; lastKnownFileType = sourcecode.c.h; path = OARequestParameter.h; sourceTree = "<group>"; };
		81E75F1811BE0C5800E6B283 /* OARequestParameter.m */ = {isa = PBXFileReference; fileEncoding = 4; lastKnownFileType = sourcecode.c.objc; path = OARequestParameter.m; sourceTree = "<group>"; };
		81E75F1911BE0C5800E6B283 /* OAServiceTicket.h */ = {isa = PBXFileReference; fileEncoding = 4; lastKnownFileType = sourcecode.c.h; path = OAServiceTicket.h; sourceTree = "<group>"; };
		81E75F1A11BE0C5800E6B283 /* OAServiceTicket.m */ = {isa = PBXFileReference; fileEncoding = 4; lastKnownFileType = sourcecode.c.objc; path = OAServiceTicket.m; sourceTree = "<group>"; };
		81E75F1B11BE0C5800E6B283 /* OASignatureProviding.h */ = {isa = PBXFileReference; fileEncoding = 4; lastKnownFileType = sourcecode.c.h; path = OASignatureProviding.h; sourceTree = "<group>"; };
		81E75F1C11BE0C5800E6B283 /* OAToken.h */ = {isa = PBXFileReference; fileEncoding = 4; lastKnownFileType = sourcecode.c.h; path = OAToken.h; sourceTree = "<group>"; };
		81E75F1D11BE0C5800E6B283 /* OAToken.m */ = {isa = PBXFileReference; fileEncoding = 4; lastKnownFileType = sourcecode.c.objc; path = OAToken.m; sourceTree = "<group>"; };
		81E75F2011BE0C5800E6B283 /* OAuthConsumer.h */ = {isa = PBXFileReference; fileEncoding = 4; lastKnownFileType = sourcecode.c.h; path = OAuthConsumer.h; sourceTree = "<group>"; };
		81E75F3911BE0D5800E6B283 /* Security.framework */ = {isa = PBXFileReference; lastKnownFileType = wrapper.framework; name = Security.framework; path = System/Library/Frameworks/Security.framework; sourceTree = SDKROOT; };
		8D1107310486CEB800E47090 /* Greenhouse-Info.plist */ = {isa = PBXFileReference; fileEncoding = 4; lastKnownFileType = text.plist.xml; path = "Greenhouse-Info.plist"; plistStructureDefinitionIdentifier = "com.apple.xcode.plist.structure-definition.iphone.info-plist"; sourceTree = "<group>"; };
/* End PBXFileReference section */

/* Begin PBXFrameworksBuildPhase section */
		1D60588F0D05DD3D006BFB54 /* Frameworks */ = {
			isa = PBXFrameworksBuildPhase;
			buildActionMask = 2147483647;
			files = (
				1D60589F0D05DD5A006BFB54 /* Foundation.framework in Frameworks */,
				1DF5F4E00D08C38300B7A737 /* UIKit.framework in Frameworks */,
				2892E4100DC94CBA00A64D0F /* CoreGraphics.framework in Frameworks */,
				28860BE50F44EE6400985440 /* CoreData.framework in Frameworks */,
				81E75F3A11BE0D5800E6B283 /* Security.framework in Frameworks */,
			);
			runOnlyForDeploymentPostprocessing = 0;
		};
/* End PBXFrameworksBuildPhase section */

/* Begin PBXGroup section */
		080E96DDFE201D6D7F000001 /* Classes */ = {
			isa = PBXGroup;
			children = (
				81D4A45311C30871000A71C3 /* App */,
				81D4A44E11C3066D000A71C3 /* Models */,
				81D4A47311C30B52000A71C3 /* Views */,
				81D4A45211C3083F000A71C3 /* Controllers */,
				81E75EF611BE09E700E6B283 /* Services */,
				81D4A45B11C30904000A71C3 /* Utilities */,
			);
			path = Classes;
			sourceTree = "<group>";
		};
		19C28FACFE9D520D11CA2CBB /* Products */ = {
			isa = PBXGroup;
			children = (
				1D6058910D05DD3D006BFB54 /* Greenhouse.app */,
			);
			name = Products;
			sourceTree = "<group>";
		};
		29B97314FDCFA39411CA2CEA /* CustomTemplate */ = {
			isa = PBXGroup;
			children = (
				080E96DDFE201D6D7F000001 /* Classes */,
				29B97315FDCFA39411CA2CEA /* Other Sources */,
				29B97317FDCFA39411CA2CEA /* Resources */,
				29B97323FDCFA39411CA2CEA /* Frameworks */,
				81E75F0011BE0C5800E6B283 /* ThirdPartyLibraries */,
				19C28FACFE9D520D11CA2CBB /* Products */,
			);
			name = CustomTemplate;
			sourceTree = "<group>";
		};
		29B97315FDCFA39411CA2CEA /* Other Sources */ = {
			isa = PBXGroup;
			children = (
				28A0AAE50D9B0CCF005BE974 /* Greenhouse_Prefix.pch */,
				29B97316FDCFA39411CA2CEA /* main.m */,
				811F5DEF11C6DEFF005BD43E /* Constants.h */,
			);
			name = "Other Sources";
			sourceTree = "<group>";
		};
		29B97317FDCFA39411CA2CEA /* Resources */ = {
			isa = PBXGroup;
			children = (
				8D1107310486CEB800E47090 /* Greenhouse-Info.plist */,
				81AF1C5B11C7FBB800960E9F /* Images */,
				81A34A1011BDDBDF00B12131 /* Core Data Files */,
				81A34A0F11BDDBCF00B12131 /* Interface Builder Files */,
				81D8B88D11C1A60400E62659 /* Settings.bundle */,
			);
			name = Resources;
			sourceTree = "<group>";
		};
		29B97323FDCFA39411CA2CEA /* Frameworks */ = {
			isa = PBXGroup;
			children = (
				1DF5F4DF0D08C38300B7A737 /* UIKit.framework */,
				1D30AB110D05D00D00671497 /* Foundation.framework */,
				2892E40F0DC94CBA00A64D0F /* CoreGraphics.framework */,
				28860BE40F44EE6400985440 /* CoreData.framework */,
				81E75F3911BE0D5800E6B283 /* Security.framework */,
			);
			name = Frameworks;
			sourceTree = "<group>";
		};
		81A34A0F11BDDBCF00B12131 /* Interface Builder Files */ = {
			isa = PBXGroup;
			children = (
				28AD735F0D9D9599002E5188 /* MainWindow.xib */,
				81A34A7F11BDF47500B12131 /* ProfileMainViewController.xib */,
				81E75EDE11BE04D200E6B283 /* AuthorizeViewController.xib */,
			);
			name = "Interface Builder Files";
			sourceTree = "<group>";
		};
		81A34A1011BDDBDF00B12131 /* Core Data Files */ = {
			isa = PBXGroup;
			children = (
				28D3F201112F7DC200FD0661 /* Greenhouse.xcdatamodeld */,
			);
			name = "Core Data Files";
			sourceTree = "<group>";
		};
		81AF1C5B11C7FBB800960E9F /* Images */ = {
			isa = PBXGroup;
			children = (
				81AF1C5C11C7FBF200960E9F /* spring09_logo.png */,
			);
			name = Images;
			sourceTree = "<group>";
		};
		81C38A6011C679CE00E1659E /* JSON */ = {
			isa = PBXGroup;
			children = (
				81C38A6111C679CE00E1659E /* JSON.h */,
				81C38A6211C679CE00E1659E /* NSObject+SBJSON.h */,
				81C38A6311C679CE00E1659E /* NSObject+SBJSON.m */,
				81C38A6411C679CE00E1659E /* NSString+SBJSON.h */,
				81C38A6511C679CE00E1659E /* NSString+SBJSON.m */,
				81C38A6611C679CE00E1659E /* SBJSON.h */,
				81C38A6711C679CE00E1659E /* SBJSON.m */,
				81C38A6811C679CE00E1659E /* SBJsonBase.h */,
				81C38A6911C679CE00E1659E /* SBJsonBase.m */,
				81C38A6A11C679CE00E1659E /* SBJsonParser.h */,
				81C38A6B11C679CE00E1659E /* SBJsonParser.m */,
				81C38A6C11C679CE00E1659E /* SBJsonWriter.h */,
				81C38A6D11C679CE00E1659E /* SBJsonWriter.m */,
			);
			path = JSON;
			sourceTree = "<group>";
		};
		81D4A44E11C3066D000A71C3 /* Models */ = {
			isa = PBXGroup;
			children = (
				81D4A44F11C30692000A71C3 /* Person.h */,
				81D4A45011C30692000A71C3 /* Person.m */,
			);
			name = Models;
			sourceTree = "<group>";
		};
		81D4A45211C3083F000A71C3 /* Controllers */ = {
			isa = PBXGroup;
			children = (
				815F274F11BDF5A300F83095 /* ProfileMainViewController.h */,
				815F275011BDF5A300F83095 /* ProfileMainViewController.m */,
				81E75EDB11BE048700E6B283 /* AuthorizeViewController.h */,
				81E75EDC11BE048700E6B283 /* AuthorizeViewController.m */,
			);
			name = Controllers;
			sourceTree = "<group>";
		};
		81D4A45311C30871000A71C3 /* App */ = {
			isa = PBXGroup;
			children = (
				1D3623240D0F684500981E51 /* GreenhouseAppDelegate.h */,
				1D3623250D0F684500981E51 /* GreenhouseAppDelegate.m */,
				81D4A45C11C30945000A71C3 /* AppSettings.h */,
				81D4A45D11C30945000A71C3 /* AppSettings.m */,
			);
			name = App;
			sourceTree = "<group>";
		};
		81D4A45B11C30904000A71C3 /* Utilities */ = {
			isa = PBXGroup;
			children = (
			);
			name = Utilities;
			sourceTree = "<group>";
		};
		81D4A47311C30B52000A71C3 /* Views */ = {
			isa = PBXGroup;
			children = (
			);
			name = Views;
			sourceTree = "<group>";
		};
		81E75EF611BE09E700E6B283 /* Services */ = {
			isa = PBXGroup;
			children = (
				81E75EF711BE0A2100E6B283 /* OAuthManager.h */,
				81E75EF811BE0A2200E6B283 /* OAuthManager.m */,
			);
			name = Services;
			sourceTree = "<group>";
		};
		81E75F0011BE0C5800E6B283 /* ThirdPartyLibraries */ = {
			isa = PBXGroup;
			children = (
				81C38A6011C679CE00E1659E /* JSON */,
				81E75F0111BE0C5800E6B283 /* OAuthConsumer */,
			);
			path = ThirdPartyLibraries;
			sourceTree = "<group>";
		};
		81E75F0111BE0C5800E6B283 /* OAuthConsumer */ = {
			isa = PBXGroup;
			children = (
				81E75F0211BE0C5800E6B283 /* Crypto */,
				81E75F0511BE0C5800E6B283 /* NSMutableURLRequest+Parameters.h */,
				81E75F0611BE0C5800E6B283 /* NSMutableURLRequest+Parameters.m */,
				81E75F0711BE0C5800E6B283 /* NSString+URLEncoding.h */,
				81E75F0811BE0C5800E6B283 /* NSString+URLEncoding.m */,
				81E75F0911BE0C5800E6B283 /* NSURL+Base.h */,
				81E75F0A11BE0C5800E6B283 /* NSURL+Base.m */,
				81E75F0B11BE0C5800E6B283 /* OAAsynchronousDataFetcher.h */,
				81E75F0C11BE0C5800E6B283 /* OAAsynchronousDataFetcher.m */,
				81E75F0D11BE0C5800E6B283 /* OAConsumer.h */,
				81E75F0E11BE0C5800E6B283 /* OAConsumer.m */,
				81E75F0F11BE0C5800E6B283 /* OADataFetcher.h */,
				81E75F1011BE0C5800E6B283 /* OADataFetcher.m */,
				81E75F1111BE0C5800E6B283 /* OAHMAC_SHA1SignatureProvider.h */,
				81E75F1211BE0C5800E6B283 /* OAHMAC_SHA1SignatureProvider.m */,
				81E75F1311BE0C5800E6B283 /* OAMutableURLRequest.h */,
				81E75F1411BE0C5800E6B283 /* OAMutableURLRequest.m */,
				81E75F1511BE0C5800E6B283 /* OAPlaintextSignatureProvider.h */,
				81E75F1611BE0C5800E6B283 /* OAPlaintextSignatureProvider.m */,
				81E75F1711BE0C5800E6B283 /* OARequestParameter.h */,
				81E75F1811BE0C5800E6B283 /* OARequestParameter.m */,
				81E75F1911BE0C5800E6B283 /* OAServiceTicket.h */,
				81E75F1A11BE0C5800E6B283 /* OAServiceTicket.m */,
				81E75F1B11BE0C5800E6B283 /* OASignatureProviding.h */,
				81E75F1C11BE0C5800E6B283 /* OAToken.h */,
				81E75F1D11BE0C5800E6B283 /* OAToken.m */,
				8170E45F11C82A7600F4FB15 /* OAToken_KeychainExtensions.h */,
				8170E46011C82A7600F4FB15 /* OAToken_KeychainExtensions.m */,
				81E75F2011BE0C5800E6B283 /* OAuthConsumer.h */,
			);
			path = OAuthConsumer;
			sourceTree = "<group>";
		};
		81E75F0211BE0C5800E6B283 /* Crypto */ = {
			isa = PBXGroup;
			children = (
				81E75F0311BE0C5800E6B283 /* Base64Transcoder.c */,
				81E75F0411BE0C5800E6B283 /* Base64Transcoder.h */,
			);
			path = Crypto;
			sourceTree = "<group>";
		};
/* End PBXGroup section */

/* Begin PBXNativeTarget section */
		1D6058900D05DD3D006BFB54 /* Greenhouse */ = {
			isa = PBXNativeTarget;
			buildConfigurationList = 1D6058960D05DD3E006BFB54 /* Build configuration list for PBXNativeTarget "Greenhouse" */;
			buildPhases = (
				1D60588D0D05DD3D006BFB54 /* Resources */,
				1D60588E0D05DD3D006BFB54 /* Sources */,
				1D60588F0D05DD3D006BFB54 /* Frameworks */,
			);
			buildRules = (
			);
			dependencies = (
			);
			name = Greenhouse;
			productName = Greenhouse;
			productReference = 1D6058910D05DD3D006BFB54 /* Greenhouse.app */;
			productType = "com.apple.product-type.application";
		};
/* End PBXNativeTarget section */

/* Begin PBXProject section */
		29B97313FDCFA39411CA2CEA /* Project object */ = {
			isa = PBXProject;
			buildConfigurationList = C01FCF4E08A954540054247B /* Build configuration list for PBXProject "Greenhouse" */;
			compatibilityVersion = "Xcode 3.1";
			hasScannedForEncodings = 1;
			knownRegions = (
				English,
				Japanese,
				French,
				German,
				en,
			);
			mainGroup = 29B97314FDCFA39411CA2CEA /* CustomTemplate */;
			projectDirPath = "";
			projectRoot = "";
			targets = (
				1D6058900D05DD3D006BFB54 /* Greenhouse */,
			);
		};
/* End PBXProject section */

/* Begin PBXResourcesBuildPhase section */
		1D60588D0D05DD3D006BFB54 /* Resources */ = {
			isa = PBXResourcesBuildPhase;
			buildActionMask = 2147483647;
			files = (
				28AD73600D9D9599002E5188 /* MainWindow.xib in Resources */,
				81A34A8011BDF47500B12131 /* ProfileMainViewController.xib in Resources */,
				81E75EDF11BE04D200E6B283 /* AuthorizeViewController.xib in Resources */,
				81D8B88E11C1A60400E62659 /* Settings.bundle in Resources */,
				81AF1C5D11C7FBF200960E9F /* spring09_logo.png in Resources */,
			);
			runOnlyForDeploymentPostprocessing = 0;
		};
/* End PBXResourcesBuildPhase section */

/* Begin PBXSourcesBuildPhase section */
		1D60588E0D05DD3D006BFB54 /* Sources */ = {
			isa = PBXSourcesBuildPhase;
			buildActionMask = 2147483647;
			files = (
				1D60589B0D05DD56006BFB54 /* main.m in Sources */,
				1D3623260D0F684500981E51 /* GreenhouseAppDelegate.m in Sources */,
				28D3F202112F7DC200FD0661 /* Greenhouse.xcdatamodeld in Sources */,
				815F275111BDF5A300F83095 /* ProfileMainViewController.m in Sources */,
				81E75EDD11BE048700E6B283 /* AuthorizeViewController.m in Sources */,
				81E75EF911BE0A2200E6B283 /* OAuthManager.m in Sources */,
				81E75F2111BE0C5800E6B283 /* Base64Transcoder.c in Sources */,
				81E75F2211BE0C5800E6B283 /* NSMutableURLRequest+Parameters.m in Sources */,
				81E75F2311BE0C5800E6B283 /* NSString+URLEncoding.m in Sources */,
				81E75F2411BE0C5800E6B283 /* NSURL+Base.m in Sources */,
				81E75F2511BE0C5800E6B283 /* OAAsynchronousDataFetcher.m in Sources */,
				81E75F2611BE0C5800E6B283 /* OAConsumer.m in Sources */,
				81E75F2711BE0C5800E6B283 /* OADataFetcher.m in Sources */,
				81E75F2811BE0C5800E6B283 /* OAHMAC_SHA1SignatureProvider.m in Sources */,
				81E75F2911BE0C5800E6B283 /* OAMutableURLRequest.m in Sources */,
				81E75F2A11BE0C5800E6B283 /* OAPlaintextSignatureProvider.m in Sources */,
				81E75F2B11BE0C5800E6B283 /* OARequestParameter.m in Sources */,
				81E75F2C11BE0C5800E6B283 /* OAServiceTicket.m in Sources */,
				81E75F2D11BE0C5800E6B283 /* OAToken.m in Sources */,
				81D4A45111C30692000A71C3 /* Person.m in Sources */,
				81D4A45E11C30945000A71C3 /* AppSettings.m in Sources */,
				81C38A6E11C679CE00E1659E /* NSObject+SBJSON.m in Sources */,
				81C38A6F11C679CE00E1659E /* NSString+SBJSON.m in Sources */,
				81C38A7011C679CE00E1659E /* SBJSON.m in Sources */,
				81C38A7111C679CE00E1659E /* SBJsonBase.m in Sources */,
				81C38A7211C679CE00E1659E /* SBJsonParser.m in Sources */,
				81C38A7311C679CE00E1659E /* SBJsonWriter.m in Sources */,
				8170E46111C82A7600F4FB15 /* OAToken_KeychainExtensions.m in Sources */,
			);
			runOnlyForDeploymentPostprocessing = 0;
		};
/* End PBXSourcesBuildPhase section */

/* Begin XCBuildConfiguration section */
		1D6058940D05DD3E006BFB54 /* Debug */ = {
			isa = XCBuildConfiguration;
			buildSettings = {
				ALWAYS_SEARCH_USER_PATHS = NO;
				COPY_PHASE_STRIP = NO;
				GCC_DYNAMIC_NO_PIC = NO;
				GCC_OPTIMIZATION_LEVEL = 0;
				GCC_PRECOMPILE_PREFIX_HEADER = YES;
				GCC_PREFIX_HEADER = Greenhouse_Prefix.pch;
				INFOPLIST_FILE = "Greenhouse-Info.plist";
				PRODUCT_NAME = Greenhouse;
				RUN_CLANG_STATIC_ANALYZER = YES;
			};
			name = Debug;
		};
		1D6058950D05DD3E006BFB54 /* Release */ = {
			isa = XCBuildConfiguration;
			buildSettings = {
				ALWAYS_SEARCH_USER_PATHS = NO;
				COPY_PHASE_STRIP = YES;
				GCC_PRECOMPILE_PREFIX_HEADER = YES;
				GCC_PREFIX_HEADER = Greenhouse_Prefix.pch;
				INFOPLIST_FILE = "Greenhouse-Info.plist";
				PRODUCT_NAME = Greenhouse;
				RUN_CLANG_STATIC_ANALYZER = YES;
				VALIDATE_PRODUCT = YES;
			};
			name = Release;
		};
		C01FCF4F08A954540054247B /* Debug */ = {
			isa = XCBuildConfiguration;
			buildSettings = {
				ARCHS = "$(ARCHS_STANDARD_32_BIT)";
				"CODE_SIGN_IDENTITY[sdk=iphoneos*]" = "iPhone Developer";
				GCC_C_LANGUAGE_STANDARD = c99;
				GCC_WARN_ABOUT_RETURN_TYPE = YES;
				GCC_WARN_UNUSED_VARIABLE = YES;
				PREBINDING = NO;
				SDKROOT = iphoneos3.1.3;
			};
			name = Debug;
		};
		C01FCF5008A954540054247B /* Release */ = {
			isa = XCBuildConfiguration;
			buildSettings = {
				ARCHS = "$(ARCHS_STANDARD_32_BIT)";
				"CODE_SIGN_IDENTITY[sdk=iphoneos*]" = "iPhone Developer";
				GCC_C_LANGUAGE_STANDARD = c99;
				GCC_WARN_ABOUT_RETURN_TYPE = YES;
				GCC_WARN_UNUSED_VARIABLE = YES;
				OTHER_CFLAGS = "-DNS_BLOCK_ASSERTIONS=1";
				PREBINDING = NO;
				SDKROOT = iphoneos3.1.3;
			};
			name = Release;
		};
/* End XCBuildConfiguration section */

/* Begin XCConfigurationList section */
		1D6058960D05DD3E006BFB54 /* Build configuration list for PBXNativeTarget "Greenhouse" */ = {
			isa = XCConfigurationList;
			buildConfigurations = (
				1D6058940D05DD3E006BFB54 /* Debug */,
				1D6058950D05DD3E006BFB54 /* Release */,
			);
			defaultConfigurationIsVisible = 0;
			defaultConfigurationName = Release;
		};
		C01FCF4E08A954540054247B /* Build configuration list for PBXProject "Greenhouse" */ = {
			isa = XCConfigurationList;
			buildConfigurations = (
				C01FCF4F08A954540054247B /* Debug */,
				C01FCF5008A954540054247B /* Release */,
			);
			defaultConfigurationIsVisible = 0;
			defaultConfigurationName = Release;
		};
/* End XCConfigurationList section */

/* Begin XCVersionGroup section */
		28D3F201112F7DC200FD0661 /* Greenhouse.xcdatamodeld */ = {
			isa = XCVersionGroup;
			children = (
				28860B760F44E54D00985440 /* Greenhouse.xcdatamodel */,
			);
			currentVersion = 28860B760F44E54D00985440 /* Greenhouse.xcdatamodel */;
			path = Greenhouse.xcdatamodeld;
			sourceTree = "<group>";
			versionGroupType = wrapper.xcdatamodel;
		};
/* End XCVersionGroup section */
	};
	rootObject = 29B97313FDCFA39411CA2CEA /* Project object */;
}
